<?xml version="1.0" encoding="utf-8"?>
<Project ToolsVersion="4.0" xmlns="http://schemas.microsoft.com/developer/msbuild/2003">
  <ItemGroup>
    <ClCompile Include="srchybrid\3DPreviewControl.cpp" />
    <ClCompile Include="srchybrid\AbstractFile.cpp" />
    <ClCompile Include="srchybrid\AddFriend.cpp" />
    <ClCompile Include="srchybrid\AddSourceDlg.cpp" />
    <ClCompile Include="srchybrid\AICHSyncThread.cpp" />
    <ClCompile Include="srchybrid\ArchivePreviewDlg.cpp" />
    <ClCompile Include="srchybrid\ArchiveRecovery.cpp" />
    <ClCompile Include="srchybrid\AsyncProxySocketLayer.cpp" />
    <ClCompile Include="srchybrid\AsyncSocketEx.cpp" />
    <ClCompile Include="srchybrid\AsyncSocketExLayer.cpp" />
    <ClCompile Include="srchybrid\BarShader.cpp" />
    <ClCompile Include="srchybrid\BaseClient.cpp" />
    <ClCompile Include="srchybrid\BuddyButton.cpp" />
    <ClCompile Include="srchybrid\ButtonsTabCtrl.cpp" />
    <ClCompile Include="srchybrid\eMuleAI\Address.cpp" />
    <ClCompile Include="srchybrid\eMuleAI\AntiNick.cpp" />
    <ClCompile Include="srchybrid\eMuleAI\Buffer.cpp" />
    <ClCompile Include="srchybrid\eMuleAI\ConChecker.cpp" />
    <ClCompile Include="srchybrid\eMuleAI\DebugLeakHelper.cpp" />
    <ClCompile Include="srchybrid\eMuleAI\DesktopIntegration.cpp" />
    <ClCompile Include="srchybrid\eMuleAI\DownloadChecker.cpp" />
    <ClCompile Include="srchybrid\eMuleAI\KeyHelper.cpp" />
    <ClCompile Include="srchybrid\eMuleAI\MenuXP.cpp" />
    <ClCompile Include="srchybrid\eMuleAI\ReadWriteLock.cpp" />
    <ClCompile Include="srchybrid\eMuleAI\DarkMode.cpp" />
    <ClCompile Include="srchybrid\eMuleAI\Shield.cpp" />
    <ClCompile Include="srchybrid\eMuleAI\FastKad.cpp" />
    <ClCompile Include="srchybrid\eMuleAI\GeoLite2PP.cpp" />
    <ClCompile Include="srchybrid\eMuleAI\GeoLite2PP_error_category.cpp" />
    <ClCompile Include="srchybrid\eMuleAI\MediaInfoLib.cpp" />
    <ClCompile Include="srchybrid\eMuleAI\PPgBlacklistPanel.cpp" />
    <ClCompile Include="srchybrid\eMuleAI\PPgProtectionPanel.cpp" />
    <ClCompile Include="srchybrid\eMuleAI\PPgMod.cpp" />
    <ClCompile Include="srchybrid\eMuleAI\SafeKad.cpp" />
    <ClCompile Include="srchybrid\eMuleAI\SourceSaver.cpp" />
    <ClCompile Include="srchybrid\eMuleAI\SpeedGraph.cpp" />
    <ClCompile Include="srchybrid\eMuleAI\UtpSocket.cpp" />
    <ClCompile Include="srchybrid\eMuleAI\GeoLiteDownloadDlg.cpp" />
    <ClCompile Include="srchybrid\CaptchaGenerator.cpp" />
    <ClCompile Include="srchybrid\CatDialog.cpp" />
    <ClCompile Include="srchybrid\ChatSelector.cpp" />
    <ClCompile Include="srchybrid\ChatWnd.cpp" />
    <ClCompile Include="srchybrid\ClientCredits.cpp" />
    <ClCompile Include="srchybrid\ClientDetailDialog.cpp" />
    <ClCompile Include="srchybrid\ClientList.cpp" />
    <ClCompile Include="srchybrid\ClientListCtrl.cpp" />
    <ClCompile Include="srchybrid\ClientUDPSocket.cpp" />
    <ClCompile Include="srchybrid\ClosableTabCtrl.cpp" />
    <ClCompile Include="srchybrid\Collection.cpp" />
    <ClCompile Include="srchybrid\CollectionCreateDialog.cpp" />
    <ClCompile Include="srchybrid\CollectionFile.cpp" />
    <ClCompile Include="srchybrid\CollectionListCtrl.cpp" />
    <ClCompile Include="srchybrid\CollectionViewDialog.cpp" />
    <ClCompile Include="srchybrid\ColorButton.cpp" />
    <ClCompile Include="srchybrid\ColourPopup.cpp" />
    <ClCompile Include="srchybrid\ComboBoxEx2.cpp" />
    <ClCompile Include="srchybrid\CommentDialog.cpp" />
    <ClCompile Include="srchybrid\CommentDialogLst.cpp" />
    <ClCompile Include="srchybrid\CommentListCtrl.cpp" />
    <ClCompile Include="srchybrid\CorruptionBlackBox.cpp" />
    <ClCompile Include="srchybrid\CustomAutoComplete.cpp" />
    <ClCompile Include="srchybrid\DeadSourceList.cpp" />
    <ClCompile Include="srchybrid\DialogMinTrayBtn.cpp" />
    <ClCompile Include="srchybrid\DirectDownloadDlg.cpp" />
    <ClCompile Include="srchybrid\DirectoryTreeCtrl.cpp" />
    <ClCompile Include="srchybrid\DownloadClient.cpp" />
    <ClCompile Include="srchybrid\DownloadClientsCtrl.cpp" />
    <ClCompile Include="srchybrid\DownloadListCtrl.cpp" />
    <ClCompile Include="srchybrid\DownloadQueue.cpp" />
    <ClCompile Include="srchybrid\DropDownButton.cpp" />
    <ClCompile Include="srchybrid\DropTarget.cpp" />
    <ClCompile Include="srchybrid\ED2KLink.cpp" />
    <ClCompile Include="srchybrid\ED2kLinkDlg.cpp" />
    <ClCompile Include="srchybrid\EditDelayed.cpp" />
    <ClCompile Include="srchybrid\EditX.cpp" />
    <ClCompile Include="srchybrid\EMSocket.cpp" />
    <ClCompile Include="srchybrid\Emule.cpp" />
    <ClCompile Include="srchybrid\EmuleDlg.cpp" />
    <ClCompile Include="srchybrid\EnBitmap.cpp" />
    <ClCompile Include="srchybrid\EncryptedDatagramSocket.cpp" />
    <ClCompile Include="srchybrid\EncryptedStreamSocket.cpp" />
    <ClCompile Include="srchybrid\ExitBox.cpp" />
    <ClCompile Include="srchybrid\FileDetailDialog.cpp" />
    <ClCompile Include="srchybrid\FileDetailDialogInfo.cpp" />
    <ClCompile Include="srchybrid\FileDetailDialogName.cpp" />
    <ClCompile Include="srchybrid\FileDetailDlgStatistics.cpp" />
    <ClCompile Include="srchybrid\FileIdentifier.cpp" />
    <ClCompile Include="srchybrid\FileInfoDialog.cpp" />
    <ClCompile Include="srchybrid\FirewallOpener.cpp" />
    <ClCompile Include="srchybrid\FrameGrabThread.cpp" />
    <ClCompile Include="srchybrid\Friend.cpp" />
    <ClCompile Include="srchybrid\FriendList.cpp" />
    <ClCompile Include="srchybrid\FriendListCtrl.cpp" />
    <ClCompile Include="srchybrid\GDIThread.cpp" />
    <ClCompile Include="srchybrid\GradientStatic.cpp" />
    <ClCompile Include="srchybrid\GZipFile.cpp" />
    <ClCompile Include="srchybrid\HTRichEditCtrl.cpp" />
    <ClCompile Include="srchybrid\HttpDownloadDlg.cpp" />
    <ClCompile Include="srchybrid\I18n.cpp" />
    <ClCompile Include="srchybrid\eMuleAI\LanguageSelectDlg.cpp" />
    <ClCompile Include="srchybrid\eMuleAI\MigrationWizardDlg.cpp" />
    <ClCompile Include="srchybrid\IconStatic.cpp" />
    <ClCompile Include="srchybrid\IESecurity.cpp" />
    <ClCompile Include="srchybrid\Ini2.cpp" />
    <ClCompile Include="srchybrid\InputBox.cpp" />
    <ClCompile Include="srchybrid\IPFilter.cpp" />
    <ClCompile Include="srchybrid\IPFilterDlg.cpp" />
    <ClCompile Include="srchybrid\IrcChannelListCtrl.cpp" />
    <ClCompile Include="srchybrid\IrcChannelTabCtrl.cpp" />
    <ClCompile Include="srchybrid\IrcMain.cpp" />
    <ClCompile Include="srchybrid\IrcNickListCtrl.cpp" />
    <ClCompile Include="srchybrid\IrcSocket.cpp" />
    <ClCompile Include="srchybrid\IrcWnd.cpp" />
    <ClCompile Include="srchybrid\KadContactHistogramCtrl.cpp" />
    <ClCompile Include="srchybrid\KadContactListCtrl.cpp" />
    <ClCompile Include="srchybrid\kademlia\io\BufferedFileIO.cpp" />
    <ClCompile Include="srchybrid\kademlia\io\ByteIO.cpp" />
    <ClCompile Include="srchybrid\kademlia\io\DataIO.cpp" />
    <ClCompile Include="srchybrid\kademlia\io\FileIO.cpp" />
    <ClCompile Include="srchybrid\kademlia\io\IOException.cpp" />
    <ClCompile Include="srchybrid\kademlia\kademlia\Entry.cpp" />
    <ClCompile Include="srchybrid\kademlia\kademlia\Indexed.cpp" />
    <ClCompile Include="srchybrid\kademlia\kademlia\Kademlia.cpp" />
    <ClCompile Include="srchybrid\kademlia\kademlia\Prefs.cpp" />
    <ClCompile Include="srchybrid\kademlia\kademlia\Search.cpp" />
    <ClCompile Include="srchybrid\kademlia\kademlia\SearchManager.cpp" />
    <ClCompile Include="srchybrid\kademlia\kademlia\UDPFirewallTester.cpp" />
    <ClCompile Include="srchybrid\kademlia\net\KademliaUDPListener.cpp" />
    <ClCompile Include="srchybrid\kademlia\net\PacketTracking.cpp" />
    <ClCompile Include="srchybrid\kademlia\routing\Contact.cpp" />
    <ClCompile Include="srchybrid\kademlia\routing\RoutingBin.cpp" />
    <ClCompile Include="srchybrid\kademlia\routing\RoutingZone.cpp" />
    <ClCompile Include="srchybrid\kademlia\utils\LookupHistory.cpp" />
    <ClCompile Include="srchybrid\kademlia\utils\MiscUtils.cpp" />
    <ClCompile Include="srchybrid\kademlia\utils\ThreadName.cpp" />
    <ClCompile Include="srchybrid\kademlia\utils\UInt128.cpp" />
    <ClCompile Include="srchybrid\KademliaWnd.cpp" />
    <ClCompile Include="srchybrid\KadLookupGraph.cpp" />
    <ClCompile Include="srchybrid\KadSearchListCtrl.cpp" />
    <ClCompile Include="srchybrid\KnownFile.cpp" />
    <ClCompile Include="srchybrid\KnownFileList.cpp" />
    <ClCompile Include="srchybrid\LastCommonRouteFinder.cpp" />
    <ClCompile Include="srchybrid\LayeredWindowHelperST.cpp" />
    <ClCompile Include="srchybrid\ListBoxST.cpp" />
    <ClCompile Include="srchybrid\ListCtrlEditable.cpp" />
    <ClCompile Include="srchybrid\ListCtrlX.cpp" />
    <ClCompile Include="srchybrid\ListenSocket.cpp" />
    <ClCompile Include="srchybrid\ListViewSearchDlg.cpp" />
    <ClCompile Include="srchybrid\ListViewWalkerPropertySheet.cpp" />
    <ClCompile Include="srchybrid\Log.cpp" />
    <ClCompile Include="srchybrid\MD4.cpp" />
    <ClCompile Include="srchybrid\MD5Sum.cpp" />
    <ClCompile Include="srchybrid\Mdump.cpp" />
    <ClCompile Include="srchybrid\MediaInfo.cpp" />
    <ClCompile Include="srchybrid\MetaDataDlg.cpp" />
    <ClCompile Include="srchybrid\MeterIcon.cpp" />
    <ClCompile Include="srchybrid\MiniMule.cpp" />
    <ClCompile Include="srchybrid\MuleListCtrl.cpp" />
    <ClCompile Include="srchybrid\MuleStatusBarCtrl.cpp" />
    <ClCompile Include="srchybrid\MuleSystrayDlg.cpp" />
    <ClCompile Include="srchybrid\MuleToolBarCtrl.cpp" />
    <ClCompile Include="srchybrid\eMuleAI\GeoLite2.cpp" />
    <ClCompile Include="srchybrid\NetworkInfoDlg.cpp" />
    <ClCompile Include="srchybrid\OScopeCtrl.cpp" />
    <ClCompile Include="srchybrid\OtherFunctions.cpp" />
    <ClCompile Include="srchybrid\Packets.cpp" />
    <ClCompile Include="srchybrid\Parser.cpp" />
    <ClCompile Include="srchybrid\PartFile.cpp" />
    <ClCompile Include="srchybrid\PartFileConvert.cpp" />
    <ClCompile Include="srchybrid\PartFileWriteThread.cpp" />
    <ClCompile Include="srchybrid\PerfLog.cpp" />
    <ClCompile Include="srchybrid\Pinger.cpp" />
    <ClCompile Include="srchybrid\PPgConnection.cpp" />
    <ClCompile Include="srchybrid\PPgDebug.cpp" />
    <ClCompile Include="srchybrid\PPgDirectories.cpp" />
    <ClCompile Include="srchybrid\PPgDisplay.cpp" />
    <ClCompile Include="srchybrid\PPgFiles.cpp" />
    <ClCompile Include="srchybrid\PPgGeneral.cpp" />
    <ClCompile Include="srchybrid\PPgIRC.cpp" />
    <ClCompile Include="srchybrid\PPgMessages.cpp" />
    <ClCompile Include="srchybrid\PPgNotify.cpp" />
    <ClCompile Include="srchybrid\PPgProxy.cpp" />
    <ClCompile Include="srchybrid\PPgScheduler.cpp" />
    <ClCompile Include="srchybrid\PPgSecurity.cpp" />
    <ClCompile Include="srchybrid\PPgServer.cpp" />
    <ClCompile Include="srchybrid\PPgStats.cpp" />
    <ClCompile Include="srchybrid\PPgTweaks.cpp" />
    <ClCompile Include="srchybrid\PPgWebServer.cpp" />
    <ClCompile Include="srchybrid\Preferences.cpp" />
    <ClCompile Include="srchybrid\PreferencesDlg.cpp" />
    <ClCompile Include="srchybrid\Preview.cpp" />
    <ClCompile Include="srchybrid\PreviewDlg.cpp" />
    <ClCompile Include="srchybrid\ProgressCtrlX.cpp" />
    <ClCompile Include="srchybrid\PShtWiz1.cpp" />
    <ClCompile Include="srchybrid\Quantize.cpp" />
    <ClCompile Include="srchybrid\QueueListCtrl.cpp" />
    <ClCompile Include="srchybrid\RARFile.cpp" />
    <ClCompile Include="srchybrid\RichEditCtrlX.cpp" />
    <ClCompile Include="srchybrid\RichEditStream.cpp" />
    <ClCompile Include="srchybrid\SafeFile.cpp" />
    <ClCompile Include="srchybrid\Scanner.cpp" />
    <ClCompile Include="srchybrid\Scheduler.cpp" />
    <ClCompile Include="srchybrid\SearchDlg.cpp" />
    <ClCompile Include="srchybrid\SearchFile.cpp" />
    <ClCompile Include="srchybrid\SearchList.cpp" />
    <ClCompile Include="srchybrid\SearchListCtrl.cpp" />
    <ClCompile Include="srchybrid\SearchParamsWnd.cpp" />
    <ClCompile Include="srchybrid\SearchResultsWnd.cpp" />
    <ClCompile Include="srchybrid\SecRunAsUser.cpp" />
    <ClCompile Include="srchybrid\SelfTest.cpp" />
    <ClCompile Include="srchybrid\SendMail.cpp" />
    <ClCompile Include="srchybrid\Server.cpp" />
    <ClCompile Include="srchybrid\ServerConnect.cpp" />
    <ClCompile Include="srchybrid\ServerList.cpp" />
    <ClCompile Include="srchybrid\ServerListCtrl.cpp" />
    <ClCompile Include="srchybrid\ServerSocket.cpp" />
    <ClCompile Include="srchybrid\ServerWnd.cpp" />
    <ClCompile Include="srchybrid\SHA.cpp" />
    <ClCompile Include="srchybrid\SHAHashSet.cpp" />
    <ClCompile Include="srchybrid\ShareableFile.cpp" />
    <ClCompile Include="srchybrid\SharedDirsTreeCtrl.cpp" />
    <ClCompile Include="srchybrid\SharedFileList.cpp" />
    <ClCompile Include="srchybrid\SharedFilesCtrl.cpp" />
    <ClCompile Include="srchybrid\SharedFilesWnd.cpp" />
    <ClCompile Include="srchybrid\SmileySelector.cpp" />
    <ClCompile Include="srchybrid\SMTPdialog.cpp" />
    <ClCompile Include="srchybrid\SplashScreen.cpp" />
    <ClCompile Include="srchybrid\SplitterControl.cpp" />
    <ClCompile Include="srchybrid\StatisticFile.cpp" />
    <ClCompile Include="srchybrid\Statistics.cpp" />
    <ClCompile Include="srchybrid\StatisticsDlg.cpp" />
    <ClCompile Include="srchybrid\StatisticsTree.cpp" />
    <ClCompile Include="srchybrid\Stdafx.cpp" />
    <ClCompile Include="srchybrid\StringConversion.cpp" />
    <ClCompile Include="srchybrid\TaskbarNotifier.cpp" />
    <ClCompile Include="srchybrid\TextToSpeech.cpp" />
    <ClCompile Include="srchybrid\TimeTick.cpp" />
    <ClCompile Include="srchybrid\TLSthreading.cpp" />
    <ClCompile Include="srchybrid\ToolBarCtrlX.cpp" />
    <ClCompile Include="srchybrid\ToolbarWnd.cpp" />
    <ClCompile Include="srchybrid\ToolTipCtrlX.cpp" />
    <ClCompile Include="srchybrid\TransferDlg.cpp" />
    <ClCompile Include="srchybrid\TransferWnd.cpp" />
    <ClCompile Include="srchybrid\TrayDialog.cpp" />
    <ClCompile Include="srchybrid\TrayMenuBtn.cpp" />
    <ClCompile Include="srchybrid\TreeOptionsCtrl.cpp" />
    <ClCompile Include="srchybrid\TreeOptionsCtrlEx.cpp" />
    <ClCompile Include="srchybrid\TreePropSheet.cpp" />
    <ClCompile Include="srchybrid\TreePropSheetPgFrame.cpp" />
    <ClCompile Include="srchybrid\TreePropSheetPgFrameDef.cpp" />
    <ClCompile Include="srchybrid\UDPSocket.cpp" />
    <ClCompile Include="srchybrid\UploadBandwidthThrottler.cpp" />
    <ClCompile Include="srchybrid\UploadClient.cpp" />
    <ClCompile Include="srchybrid\UploadDiskIOThread.cpp" />
    <ClCompile Include="srchybrid\UploadListCtrl.cpp" />
    <ClCompile Include="srchybrid\UploadQueue.cpp" />
    <ClCompile Include="srchybrid\UPnPImpl.cpp" />
    <ClCompile Include="srchybrid\UPnPImplMiniLib.cpp" />
    <ClCompile Include="srchybrid\UPnPImplWinServ.cpp" />
    <ClCompile Include="srchybrid\UPnPImplWrapper.cpp" />
    <ClCompile Include="srchybrid\Version.cpp" />
    <ClCompile Include="srchybrid\WebServer.cpp" />
    <ClCompile Include="srchybrid\WebSocket.cpp" />
    <ClCompile Include="srchybrid\Wizard.cpp" />
    <ClCompile Include="srchybrid\ZIPFile.cpp" />
  </ItemGroup>
  <ItemGroup>
    <ClInclude Include="srchybrid\3DPreviewControl.h" />
    <ClInclude Include="srchybrid\AbstractFile.h" />
    <ClInclude Include="srchybrid\AddFriend.h" />
    <ClInclude Include="srchybrid\AddSourceDlg.h" />
    <ClInclude Include="srchybrid\AICHSyncThread.h" />
    <ClInclude Include="srchybrid\ArchivePreviewDlg.h" />
    <ClInclude Include="srchybrid\ArchiveRecovery.h" />
    <ClInclude Include="srchybrid\AsyncProxySocketLayer.h" />
    <ClInclude Include="srchybrid\AsyncSocketEx.h" />
    <ClInclude Include="srchybrid\AsyncSocketExLayer.h" />
    <ClInclude Include="srchybrid\BarShader.h" />
    <ClInclude Include="srchybrid\ButtonsTabCtrl.h" />
    <ClInclude Include="srchybrid\eMuleAI\Address.h" />
    <ClInclude Include="srchybrid\eMuleAI\AntiNick.h" />
    <ClInclude Include="srchybrid\eMuleAI\Buffer.h" />
    <ClInclude Include="srchybrid\eMuleAI\ConChecker.h" />
    <ClInclude Include="srchybrid\eMuleAI\DebugLeakHelper.h" />
    <ClInclude Include="srchybrid\eMuleAI\DesktopIntegration.h" />
    <ClInclude Include="srchybrid\eMuleAI\DownloadChecker.h" />
    <ClInclude Include="srchybrid\eMuleAI\Json.hpp" />
    <ClInclude Include="srchybrid\eMuleAI\Json_fwd.hpp" />
    <ClInclude Include="srchybrid\eMuleAI\KeyHelper.h" />
    <ClInclude Include="srchybrid\eMuleAI\MenuXP.h" />
    <ClInclude Include="srchybrid\eMuleAI\Pdqsort.h" />
    <ClInclude Include="srchybrid\eMuleAI\ReadWriteLock.h" />
    <ClInclude Include="srchybrid\eMuleAI\DarkMode.h" />
    <ClInclude Include="srchybrid\eMuleAI\Shield.h" />
    <ClInclude Include="srchybrid\eMuleAI\GeoLiteDownloadDlg.h" />
    <ClInclude Include="srchybrid\eMuleAI\FastKad.h" />
    <ClInclude Include="srchybrid\eMuleAI\GeoLite2PP.hpp" />
    <ClInclude Include="srchybrid\eMuleAI\GeoLite2PP_error_category.hpp" />
    <ClInclude Include="srchybrid\eMuleAI\MediaInfoLib.h" />
    <ClInclude Include="srchybrid\eMuleAI\PPgBlacklistPanel.h" />
    <ClInclude Include="srchybrid\eMuleAI\PPgProtectionPanel.h" />
    <ClInclude Include="srchybrid\eMuleAI\PPgMod.h" />
    <ClInclude Include="srchybrid\eMuleAI\SafeKad.h" />
    <ClInclude Include="srchybrid\eMuleAI\SourceSaver.h" />
    <ClInclude Include="srchybrid\eMuleAI\SpeedGraph.h" />
    <ClInclude Include="srchybrid\eMuleAI\ThreadpoolWrapper.h" />
    <ClInclude Include="srchybrid\eMuleAI\Timsort.hpp" />
    <ClInclude Include="srchybrid\eMuleAI\UtpSocket.h" />
    <ClInclude Include="srchybrid\CaptchaGenerator.h" />
    <ClInclude Include="srchybrid\CatDialog.h" />
    <ClInclude Include="srchybrid\ChatSelector.h" />
    <ClInclude Include="srchybrid\ChatWnd.h" />
    <ClInclude Include="srchybrid\ClientCredits.h" />
    <ClInclude Include="srchybrid\ClientDetailDialog.h" />
    <ClInclude Include="srchybrid\ClientList.h" />
    <ClInclude Include="srchybrid\ClientListCtrl.h" />
    <ClInclude Include="srchybrid\ClientStateDefs.h" />
    <ClInclude Include="srchybrid\ClientUDPSocket.h" />
    <ClInclude Include="srchybrid\ClosableTabCtrl.h" />
    <ClInclude Include="srchybrid\Collection.h" />
    <ClInclude Include="srchybrid\CollectionCreateDialog.h" />
    <ClInclude Include="srchybrid\CollectionFile.h" />
    <ClInclude Include="srchybrid\CollectionListCtrl.h" />
    <ClInclude Include="srchybrid\CollectionViewDialog.h" />
    <ClInclude Include="srchybrid\ColorButton.h" />
    <ClInclude Include="srchybrid\ColourPopup.h" />
    <ClInclude Include="srchybrid\ComboBoxEx2.h" />
    <ClInclude Include="srchybrid\CommentDialog.h" />
    <ClInclude Include="srchybrid\CommentDialogLst.h" />
    <ClInclude Include="srchybrid\CommentListCtrl.h" />
    <ClInclude Include="srchybrid\CorruptionBlackBox.h" />
    <ClInclude Include="srchybrid\CustomAutoComplete.h" />
    <ClInclude Include="srchybrid\DeadSourceList.h" />
    <ClInclude Include="srchybrid\Debug_FileSize.h" />
    <ClInclude Include="srchybrid\DebugHelpers.h" />
    <ClInclude Include="srchybrid\DialogMinTrayBtn.h" />
    <ClInclude Include="srchybrid\DirectDownloadDlg.h" />
    <ClInclude Include="srchybrid\DirectoryTreeCtrl.h" />
    <ClInclude Include="srchybrid\DownloadClientsCtrl.h" />
    <ClInclude Include="srchybrid\DownloadListCtrl.h" />
    <ClInclude Include="srchybrid\DownloadQueue.h" />
    <ClInclude Include="srchybrid\Drawgdix.h" />
    <ClInclude Include="srchybrid\DropDownButton.h" />
    <ClInclude Include="srchybrid\DropTarget.h" />
    <ClInclude Include="srchybrid\ED2KLink.h" />
    <ClInclude Include="srchybrid\ED2kLinkDlg.h" />
    <ClInclude Include="srchybrid\EditDelayed.h" />
    <ClInclude Include="srchybrid\EditX.h" />
    <ClInclude Include="srchybrid\EMSocket.h" />
    <ClInclude Include="srchybrid\Emule.h" />
    <ClInclude Include="srchybrid\emule_site_config.h" />
    <ClInclude Include="srchybrid\EmuleDlg.h" />
    <ClInclude Include="srchybrid\EnBitmap.h" />
    <ClInclude Include="srchybrid\EncryptedDatagramSocket.h" />
    <ClInclude Include="srchybrid\EncryptedStreamSocket.h" />
    <ClInclude Include="srchybrid\Exceptions.h" />
    <ClInclude Include="srchybrid\ExitBox.h" />
    <ClInclude Include="srchybrid\FileDetailDialog.h" />
    <ClInclude Include="srchybrid\FileDetailDialogInfo.h" />
    <ClInclude Include="srchybrid\FileDetailDialogName.h" />
    <ClInclude Include="srchybrid\FileDetailDlgStatistics.h" />
    <ClInclude Include="srchybrid\FileIdentifier.h" />
    <ClInclude Include="srchybrid\FileInfoDialog.h" />
    <ClInclude Include="srchybrid\FirewallOpener.h" />
    <ClInclude Include="srchybrid\FrameGrabThread.h" />
    <ClInclude Include="srchybrid\Friend.h" />
    <ClInclude Include="srchybrid\FriendList.h" />
    <ClInclude Include="srchybrid\FriendListCtrl.h" />
    <ClInclude Include="srchybrid\GDIThread.h" />
    <ClInclude Include="srchybrid\GradientStatic.h" />
    <ClInclude Include="srchybrid\GZipFile.h" />
    <ClInclude Include="srchybrid\HelpIDs.h" />
    <ClInclude Include="srchybrid\HighColorTab.hpp" />
    <ClInclude Include="srchybrid\HTRichEditCtrl.h" />
    <ClInclude Include="srchybrid\HttpDownloadDlg.h" />
    <ClInclude Include="srchybrid\IconStatic.h" />
    <ClInclude Include="srchybrid\IESecurity.h" />
    <ClInclude Include="srchybrid\Ini2.h" />
    <ClInclude Include="srchybrid\eMuleAI\LanguageSelectDlg.h" />
    <ClInclude Include="srchybrid\eMuleAI\MigrationWizardDlg.h" />
    <ClInclude Include="srchybrid\InputBox.h" />
    <ClInclude Include="srchybrid\IPFilter.h" />
    <ClInclude Include="srchybrid\IPFilterDlg.h" />
    <ClInclude Include="srchybrid\IrcChannelListCtrl.h" />
    <ClInclude Include="srchybrid\IrcChannelTabCtrl.h" />
    <ClInclude Include="srchybrid\IrcMain.h" />
    <ClInclude Include="srchybrid\IrcNickListCtrl.h" />
    <ClInclude Include="srchybrid\IrcSocket.h" />
    <ClInclude Include="srchybrid\IrcWnd.h" />
    <ClInclude Include="srchybrid\KadContactHistogramCtrl.h" />
    <ClInclude Include="srchybrid\KadContactListCtrl.h" />
    <ClInclude Include="srchybrid\kademlia\io\BufferedFileIO.h" />
    <ClInclude Include="srchybrid\kademlia\io\ByteIO.h" />
    <ClInclude Include="srchybrid\kademlia\io\DataIO.h" />
    <ClInclude Include="srchybrid\kademlia\io\FileIO.h" />
    <ClInclude Include="srchybrid\kademlia\io\IOException.h" />
    <ClInclude Include="srchybrid\kademlia\kademlia\Defines.h" />
    <ClInclude Include="srchybrid\kademlia\kademlia\Entry.h" />
    <ClInclude Include="srchybrid\kademlia\kademlia\Error.h" />
    <ClInclude Include="srchybrid\kademlia\kademlia\Indexed.h" />
    <ClInclude Include="srchybrid\kademlia\kademlia\Kademlia.h" />
    <ClInclude Include="srchybrid\kademlia\kademlia\Prefs.h" />
    <ClInclude Include="srchybrid\kademlia\kademlia\Search.h" />
    <ClInclude Include="srchybrid\kademlia\kademlia\SearchManager.h" />
    <ClInclude Include="srchybrid\kademlia\kademlia\Tag.h" />
    <ClInclude Include="srchybrid\kademlia\kademlia\UDPFirewallTester.h" />
    <ClInclude Include="srchybrid\kademlia\net\KademliaUDPListener.h" />
    <ClInclude Include="srchybrid\kademlia\net\PacketTracking.h" />
    <ClInclude Include="srchybrid\kademlia\routing\Contact.h" />
    <ClInclude Include="srchybrid\kademlia\routing\Maps.h" />
    <ClInclude Include="srchybrid\kademlia\routing\RoutingBin.h" />
    <ClInclude Include="srchybrid\kademlia\routing\RoutingZone.h" />
    <ClInclude Include="srchybrid\kademlia\utils\KadClientSearcher.h" />
    <ClInclude Include="srchybrid\kademlia\utils\KadUDPKey.h" />
    <ClInclude Include="srchybrid\kademlia\utils\LookupHistory.h" />
    <ClInclude Include="srchybrid\kademlia\utils\MiscUtils.h" />
    <ClInclude Include="srchybrid\kademlia\utils\ThreadName.h" />
    <ClInclude Include="srchybrid\kademlia\utils\UInt128.h" />
    <ClInclude Include="srchybrid\KademliaWnd.h" />
    <ClInclude Include="srchybrid\KadLookupGraph.h" />
    <ClInclude Include="srchybrid\KadSearchListCtrl.h" />
    <ClInclude Include="srchybrid\KnownFile.h" />
    <ClInclude Include="srchybrid\KnownFileList.h" />
    <ClInclude Include="srchybrid\LastCommonRouteFinder.h" />
    <ClInclude Include="srchybrid\LayeredWindowHelperST.h" />
    <ClInclude Include="srchybrid\ListBoxST.h" />
    <ClInclude Include="srchybrid\ListCtrlEditable.h" />
    <ClInclude Include="srchybrid\ListCtrlItemWalk.h" />
    <ClInclude Include="srchybrid\ListCtrlX.h" />
    <ClInclude Include="srchybrid\ListenSocket.h" />
    <ClInclude Include="srchybrid\ListViewSearchDlg.h" />
    <ClInclude Include="srchybrid\ListViewWalkerPropertySheet.h" />
    <ClInclude Include="srchybrid\Log.h" />
    <ClInclude Include="srchybrid\MapKey.h" />
    <ClInclude Include="srchybrid\MD4.h" />
    <ClInclude Include="srchybrid\MD5Sum.h" />
    <ClInclude Include="srchybrid\Mdump.h" />
    <ClInclude Include="srchybrid\MediaInfo.h" />
    <ClInclude Include="srchybrid\MemDC.h" />
    <ClInclude Include="srchybrid\MenuCmds.h" />
    <ClInclude Include="srchybrid\MetaDataDlg.h" />
    <ClInclude Include="srchybrid\MeterIcon.h" />
    <ClInclude Include="srchybrid\MiniMule.h" />
    <ClInclude Include="srchybrid\MuleListCtrl.h" />
    <ClInclude Include="srchybrid\MuleStatusBarCtrl.h" />
    <ClInclude Include="srchybrid\MuleSystrayDlg.h" />
    <ClInclude Include="srchybrid\MuleToolBarCtrl.h" />
    <ClInclude Include="srchybrid\eMuleAI\GeoLite2.h" />
    <ClInclude Include="srchybrid\NetworkInfoDlg.h" />
    <ClInclude Include="srchybrid\Opcodes.h" />
    <ClInclude Include="srchybrid\OScopeCtrl.h" />
    <ClInclude Include="srchybrid\OtherFunctions.h" />
    <ClInclude Include="srchybrid\Packets.h" />
    <ClInclude Include="srchybrid\Parser.hpp" />
    <ClInclude Include="srchybrid\PartFile.h" />
    <ClInclude Include="srchybrid\PartFileConvert.h" />
    <ClInclude Include="srchybrid\PartFileWriteThread.h" />
    <ClInclude Include="srchybrid\PerfLog.h" />
    <ClInclude Include="srchybrid\Pinger.h" />
    <ClInclude Include="srchybrid\PPgConnection.h" />
    <ClInclude Include="srchybrid\PPgDebug.h" />
    <ClInclude Include="srchybrid\PPgDirectories.h" />
    <ClInclude Include="srchybrid\PPgDisplay.h" />
    <ClInclude Include="srchybrid\PPgFiles.h" />
    <ClInclude Include="srchybrid\PPgGeneral.h" />
    <ClInclude Include="srchybrid\PPgIRC.h" />
    <ClInclude Include="srchybrid\PPgMessages.h" />
    <ClInclude Include="srchybrid\PPgNotify.h" />
    <ClInclude Include="srchybrid\PPgProxy.h" />
    <ClInclude Include="srchybrid\PPgScheduler.h" />
    <ClInclude Include="srchybrid\PPgSecurity.h" />
    <ClInclude Include="srchybrid\PPgServer.h" />
    <ClInclude Include="srchybrid\PPgStats.h" />
    <ClInclude Include="srchybrid\PPgTweaks.h" />
    <ClInclude Include="srchybrid\PPgWebServer.h" />
    <ClInclude Include="srchybrid\Preferences.h" />
    <ClInclude Include="srchybrid\PreferencesDlg.h" />
    <ClInclude Include="srchybrid\Preview.h" />
    <ClInclude Include="srchybrid\PreviewDlg.h" />
    <ClInclude Include="srchybrid\ProgressCtrlX.h" />
    <ClInclude Include="srchybrid\QArray.h" />
    <ClInclude Include="srchybrid\Quantize.h" />
    <ClInclude Include="srchybrid\QueueListCtrl.h" />
    <ClInclude Include="srchybrid\RARFile.h" />
    <ClInclude Include="srchybrid\Resource.h" />
    <ClInclude Include="srchybrid\RichEditCtrlX.h" />
    <ClInclude Include="srchybrid\RichEditStream.h" />
    <ClInclude Include="srchybrid\SafeFile.h" />
    <ClInclude Include="srchybrid\Scanner.h" />
    <ClInclude Include="srchybrid\Scheduler.h" />
    <ClInclude Include="srchybrid\SearchDlg.h" />
    <ClInclude Include="srchybrid\SearchExpr.h" />
    <ClInclude Include="srchybrid\SearchFile.h" />
    <ClInclude Include="srchybrid\SearchList.h" />
    <ClInclude Include="srchybrid\SearchListCtrl.h" />
    <ClInclude Include="srchybrid\SearchParams.h" />
    <ClInclude Include="srchybrid\SearchParamsWnd.h" />
    <ClInclude Include="srchybrid\SearchResultsWnd.h" />
    <ClInclude Include="srchybrid\SecRunAsUser.h" />
    <ClInclude Include="srchybrid\Server.h" />
    <ClInclude Include="srchybrid\ServerConnect.h" />
    <ClInclude Include="srchybrid\ServerList.h" />
    <ClInclude Include="srchybrid\ServerListCtrl.h" />
    <ClInclude Include="srchybrid\ServerSocket.h" />
    <ClInclude Include="srchybrid\ServerWnd.h" />
    <ClInclude Include="srchybrid\SHA.h" />
    <ClInclude Include="srchybrid\SHAHashSet.h" />
    <ClInclude Include="srchybrid\ShareableFile.h" />
    <ClInclude Include="srchybrid\SharedDirsTreeCtrl.h" />
    <ClInclude Include="srchybrid\SharedFileList.h" />
    <ClInclude Include="srchybrid\SharedFilesCtrl.h" />
    <ClInclude Include="srchybrid\SharedFilesWnd.h" />
    <ClInclude Include="srchybrid\SmileySelector.h" />
    <ClInclude Include="srchybrid\SMTPdialog.h" />
    <ClInclude Include="srchybrid\SplashScreen.h" />
    <ClInclude Include="srchybrid\SplitterControl.h" />
    <ClInclude Include="srchybrid\StatisticFile.h" />
    <ClInclude Include="srchybrid\Statistics.h" />
    <ClInclude Include="srchybrid\StatisticsDlg.h" />
    <ClInclude Include="srchybrid\StatisticsTree.h" />
    <ClInclude Include="srchybrid\Stdafx.h" />
    <ClInclude Include="srchybrid\StringConversion.h" />
    <ClInclude Include="srchybrid\TaskbarNotifier.h" />
    <ClInclude Include="srchybrid\TextToSpeech.h" />
    <ClInclude Include="srchybrid\ThrottledSocket.h" />
    <ClInclude Include="srchybrid\TimeTick.h" />
    <ClInclude Include="srchybrid\TLSthreading.h" />
    <ClInclude Include="srchybrid\ToolBarCtrlX.h" />
    <ClInclude Include="srchybrid\ToolbarWnd.h" />
    <ClInclude Include="srchybrid\ToolTipCtrlX.h" />
    <ClInclude Include="srchybrid\TransferDlg.h" />
    <ClInclude Include="srchybrid\TransferWnd.h" />
    <ClInclude Include="srchybrid\TrayDialog.h" />
    <ClInclude Include="srchybrid\TrayMenuBtn.h" />
    <ClInclude Include="srchybrid\TreeOptionsCtrl.h" />
    <ClInclude Include="srchybrid\TreeOptionsCtrlEx.h" />
    <ClInclude Include="srchybrid\TreePropSheet.h" />
    <ClInclude Include="srchybrid\TreePropSheetPgFrame.h" />
    <ClInclude Include="srchybrid\TreePropSheetPgFrameDef.h" />
    <ClInclude Include="srchybrid\Types.h" />
    <ClInclude Include="srchybrid\UDPSocket.h" />
    <ClInclude Include="srchybrid\UpdownClient.h" />
    <ClInclude Include="srchybrid\UploadBandwidthThrottler.h" />
    <ClInclude Include="srchybrid\UploadDiskIOThread.h" />
    <ClInclude Include="srchybrid\UploadListCtrl.h" />
    <ClInclude Include="srchybrid\UploadQueue.h" />
    <ClInclude Include="srchybrid\UPnPImpl.h" />
    <ClInclude Include="srchybrid\UPnPImplMiniLib.h" />
    <ClInclude Include="srchybrid\UPnPImplWinServ.h" />
    <ClInclude Include="srchybrid\UPnPImplWrapper.h" />
    <ClInclude Include="srchybrid\UserMsgs.h" />
    <ClInclude Include="srchybrid\Version.h" />
    <ClInclude Include="srchybrid\VistaDefines.h" />
    <ClInclude Include="srchybrid\WebServer.h" />
    <ClInclude Include="srchybrid\WebServices.h" />
    <ClInclude Include="srchybrid\WebSocket.h" />
    <ClInclude Include="srchybrid\Wizard.h" />
    <ClInclude Include="srchybrid\ZIPFile.h" />
  </ItemGroup>
  <ItemGroup>
    <CustomBuild Include="srchybrid\Parser.y" />
    <CustomBuild Include="srchybrid\Scanner.l" />
    <CustomBuild Include="srchybrid\translations\translations.map" />
  </ItemGroup>
  <ItemGroup>
    <ResourceCompile Include="srchybrid\emule.rc" />
  </ItemGroup>
  <ItemGroup>
    <Image Include="srchybrid\res\all.ico" />
    <Image Include="srchybrid\res\ArchivePreview.ico" />
    <Image Include="srchybrid\res\bold.ico" />
    <Image Include="srchybrid\res\Browse8.ico" />
    <Image Include="srchybrid\res\Cancel.ico" />
    <Image Include="srchybrid\res\Category.ico" />
    <Image Include="srchybrid\res\Chat.ico" />
    <Image Include="srchybrid\res\clear1.ico" />
    <Image Include="srchybrid\res\clear2.ico" />
    <Image Include="srchybrid\res\Client0.ico" />
    <Image Include="srchybrid\res\Client1.ico" />
    <Image Include="srchybrid\res\Client2.ico" />
    <Image Include="srchybrid\res\Client3.ico" />
    <Image Include="srchybrid\res\Client4.ico" />
    <Image Include="srchybrid\res\ClientaMule.ico" />
    <Image Include="srchybrid\res\ClientaMulePlus.ico" />
    <Image Include="srchybrid\res\ClientCompatible.ico" />
    <Image Include="srchybrid\res\ClientCompatiblePlus.ico" />
    <Image Include="srchybrid\res\ClientDefault.ico" />
    <Image Include="srchybrid\res\ClientDefaultPlus.ico" />
    <Image Include="srchybrid\res\ClienteDonkeyHybrid.ico" />
    <Image Include="srchybrid\res\ClienteDonkeyHybridPlus.ico" />
    <Image Include="srchybrid\res\ClientlPhant.ico" />
    <Image Include="srchybrid\res\ClientlPhantPlus.ico" />
    <Image Include="srchybrid\res\ClientMLDonkey.ico" />
    <Image Include="srchybrid\res\ClientMLDonkeyPlus.ico" />
    <Image Include="srchybrid\res\Clientobfuovl.ICO" />
    <Image Include="srchybrid\res\ClientSecureHashOvl.ico" />
    <Image Include="srchybrid\res\Clientsecurehasobfuhovl.ICO" />
    <Image Include="srchybrid\res\ClientShareaza.ico" />
    <Image Include="srchybrid\res\ClientShareazaPlus.ico" />
    <Image Include="srchybrid\res\ClientsKnown.ico" />
    <Image Include="srchybrid\res\ClientsOnQueue.ico" />
    <Image Include="srchybrid\res\CloseTab.ico" />
    <Image Include="srchybrid\res\CloseTabSelected.ico" />
    <Image Include="srchybrid\res\Collapse.ico" />
    <Image Include="srchybrid\res\colour.ico" />
    <Image Include="srchybrid\res\ConnectDo.ico" />
    <Image Include="srchybrid\res\ConnectDrop.ico" />
    <Image Include="srchybrid\res\Connected.gif" />
    <Image Include="srchybrid\res\ConnectedHighHigh.gif" />
    <Image Include="srchybrid\res\ConnectedHighHigh.ico" />
    <Image Include="srchybrid\res\ConnectedHighLow.gif" />
    <Image Include="srchybrid\res\ConnectedHighLow.ico" />
    <Image Include="srchybrid\res\ConnectedHighNot.gif" />
    <Image Include="srchybrid\res\ConnectedHighNot.ico" />
    <Image Include="srchybrid\res\ConnectedLowHigh.gif" />
    <Image Include="srchybrid\res\ConnectedLowHigh.ico" />
    <Image Include="srchybrid\res\ConnectedLowLow.gif" />
    <Image Include="srchybrid\res\ConnectedLowLow.ico" />
    <Image Include="srchybrid\res\ConnectedLowNot.gif" />
    <Image Include="srchybrid\res\ConnectedLowNot.ico" />
    <Image Include="srchybrid\res\ConnectedNotHigh.gif" />
    <Image Include="srchybrid\res\ConnectedNotHigh.ico" />
    <Image Include="srchybrid\res\ConnectedNotLow.gif" />
    <Image Include="srchybrid\res\ConnectedNotLow.ico" />
    <Image Include="srchybrid\res\ConnectedNotNot.gif" />
    <Image Include="srchybrid\res\ConnectedNotNot.ico" />
    <Image Include="srchybrid\res\Connection.ico" />
    <Image Include="srchybrid\res\ConnectStop.ico" />
    <Image Include="srchybrid\res\Contact0.ico" />
    <Image Include="srchybrid\res\Contact1.ico" />
    <Image Include="srchybrid\res\Contact2.ico" />
    <Image Include="srchybrid\res\Contact3.ico" />
    <Image Include="srchybrid\res\Contact4.ico" />
    <Image Include="srchybrid\res\Convert.ico" />
    <Image Include="srchybrid\res\Copy.ico" />
    <Image Include="srchybrid\res\CopySelected.ico" />
    <Image Include="srchybrid\res\CopyVisible.ico" />
    <Image Include="srchybrid\res\Delete.ico" />
    <Image Include="srchybrid\res\DeleteAll.ico" />
    <Image Include="srchybrid\res\DeleteSelected.ico" />
    <Image Include="srchybrid\res\DirectDownload.ico" />
    <Image Include="srchybrid\res\Display.ico" />
    <Image Include="srchybrid\res\Download.gif" />
    <Image Include="srchybrid\res\Download.ico" />
    <Image Include="srchybrid\res\DownloadFiles.ico" />
    <Image Include="srchybrid\res\eD2kLink.ico" />
    <Image Include="srchybrid\res\eD2kLinkPaste.ico" />
    <Image Include="srchybrid\res\Email.ico" />
    <Image Include="srchybrid\res\Empty.ico" />
    <Image Include="srchybrid\res\emuleCollAdd.ico" />
    <Image Include="srchybrid\res\emuleCollectionFileType.ico" />
    <Image Include="srchybrid\res\emuleCollEdit.ico" />
    <Image Include="srchybrid\res\emuleCollSearch.ico" />
    <Image Include="srchybrid\res\emuleCollView.ico" />
    <Image Include="srchybrid\res\Exit.ico" />
    <Image Include="srchybrid\res\ExpandAll.ico" />
    <Image Include="srchybrid\res\ExpandAll2.ico" />
    <Image Include="srchybrid\res\ExportAll.ico" />
    <Image Include="srchybrid\res\FileComments.ico" />
    <Image Include="srchybrid\res\FileCommentsOvl.ico" />
    <Image Include="srchybrid\res\FileDonkey.ico" />
    <Image Include="srchybrid\res\FileImportParts.ico" />
    <Image Include="srchybrid\res\FileInfo.gif" />
    <Image Include="srchybrid\res\FileInfo.ico" />
    <Image Include="srchybrid\res\FileOpen.ico" />
    <Image Include="srchybrid\res\FilePriority.ico" />
    <Image Include="srchybrid\res\FileRating0.ico" />
    <Image Include="srchybrid\res\FileRating1.ico" />
    <Image Include="srchybrid\res\FileRating2.ico" />
    <Image Include="srchybrid\res\FileRating3.ico" />
    <Image Include="srchybrid\res\FileRating4.ico" />
    <Image Include="srchybrid\res\FileRating5.ico" />
    <Image Include="srchybrid\res\FileRename.ico" />
    <Image Include="srchybrid\res\FileSharedKad.ico" />
    <Image Include="srchybrid\res\FileSharedServer.ico" />
    <Image Include="srchybrid\res\FileTypeAny.ico" />
    <Image Include="srchybrid\res\FileTypeArchive.ico" />
    <Image Include="srchybrid\res\FileTypeAudio.ico" />
    <Image Include="srchybrid\res\FileTypeCDImage.ico" />
    <Image Include="srchybrid\res\FileTypeDocument.ico" />
    <Image Include="srchybrid\res\FileTypePicture.ico" />
    <Image Include="srchybrid\res\FileTypeProgram.ico" />
    <Image Include="srchybrid\res\FileTypeVideo.ico" />
    <Image Include="srchybrid\res\FolderOpen.ico" />
    <Image Include="srchybrid\res\Folders.ico" />
    <Image Include="srchybrid\res\Friend.ico" />
    <Image Include="srchybrid\res\Friends1.ico" />
    <Image Include="srchybrid\res\Friends2.ico" />
    <Image Include="srchybrid\res\Friends3.ico" />
    <Image Include="srchybrid\res\FriendSlot.ico" />
    <Image Include="srchybrid\res\Global.ico" />
    <Image Include="srchybrid\res\HardDisk.gif" />
    <Image Include="srchybrid\res\HardDisk.ico" />
    <Image Include="srchybrid\res\Help.ico" />
    <Image Include="srchybrid\res\Import.ico" />
    <Image Include="srchybrid\res\Incoming.gif" />
    <Image Include="srchybrid\res\Incoming.ico" />
    <Image Include="srchybrid\res\incomplete.ico" />
    <Image Include="srchybrid\res\Info.ico" />
    <Image Include="srchybrid\res\IPFilter.ico" />
    <Image Include="srchybrid\res\IRC.ico" />
    <Image Include="srchybrid\res\IRCClipboard.ico" />
    <Image Include="srchybrid\res\italic.ico" />
    <Image Include="srchybrid\res\Kad.ico" />
    <Image Include="srchybrid\res\KadBootstrap.ico" />
    <Image Include="srchybrid\res\KadContactList.ico" />
    <Image Include="srchybrid\res\KadCurrentSearches.ico" />
    <Image Include="srchybrid\res\KadFileSearch.ico" />
    <Image Include="srchybrid\res\KadNodeSearch.ico" />
    <Image Include="srchybrid\res\KadServer.ico" />
    <Image Include="srchybrid\res\KadStoreFile.ico" />
    <Image Include="srchybrid\res\KadStoreWord.ico" />
    <Image Include="srchybrid\res\KadWordSearch.ico" />
    <Image Include="srchybrid\res\ListAdd.ico" />
    <Image Include="srchybrid\res\ListRemove.ico" />
    <Image Include="srchybrid\res\ListViewSortDown.bmp" />
    <Image Include="srchybrid\res\ListViewSortDown2x.bmp" />
    <Image Include="srchybrid\res\ListViewSortUp.bmp" />
    <Image Include="srchybrid\res\ListViewSortUp2x.bmp" />
    <Image Include="srchybrid\res\Log.ico" />
    <Image Include="srchybrid\res\Logo.jpg" />
    <Image Include="srchybrid\res\MediaInfo.ico" />
    <Image Include="srchybrid\res\Message.ico" />
    <Image Include="srchybrid\res\MessagePending.ico" />
    <Image Include="srchybrid\res\Messages.ico" />
    <Image Include="srchybrid\res\MetaData.ico" />
    <Image Include="srchybrid\res\MiniMuleBack.gif" />
    <Image Include="srchybrid\res\Mod\AntiSpamPanel.ico" />
    <Image Include="srchybrid\res\Mod\Backup.ico" />
    <Image Include="srchybrid\res\Mod\BlacklistPanel.ico" />
    <Image Include="srchybrid\res\Mod\eMuleAI-All Resolutions.ico" />
    <Image Include="srchybrid\res\Mod\eMuleAI.ico" />
    <Image Include="srchybrid\res\Mod\EMULEAIHEAD.ico" />
    <Image Include="srchybrid\res\Mod\eMuleAITrayDisconnected.ico" />
    <Image Include="srchybrid\res\Mod\eMuleAI_256x256x32.ico" />
    <Image Include="srchybrid\res\Mod\eMuleAI_Banner.jpg" />
    <Image Include="srchybrid\res\Mod\eMuleAI_Emule.jpg" />
    <Image Include="srchybrid\res\Mod\eMuleAI_Emule_Transparent.png" />
    <Image Include="srchybrid\res\Mod\eMuleAI_MenuBack.jpg" />
    <Image Include="srchybrid\res\Mod\eMuleAI_Splash.jpg" />
    <Image Include="srchybrid\res\Mod\Clear.ico" />
    <Image Include="srchybrid\res\Mod\Clipboard.ico" />
    <Image Include="srchybrid\res\Mod\Clock.ico" />
    <Image Include="srchybrid\res\Mod\ClockBlue.ico" />
    <Image Include="srchybrid\res\Mod\ClockGreen.ico" />
    <Image Include="srchybrid\res\Mod\ClockRed.ico" />
    <Image Include="srchybrid\res\Mod\Connection2.ico" />
    <Image Include="srchybrid\res\Mod\Credit.ico" />
    <Image Include="srchybrid\res\Mod\Darkmode.ico" />
    <Image Include="srchybrid\res\Mod\Dark_Bold.ico" />
    <Image Include="srchybrid\res\Mod\Dark_Colour.ico" />
    <Image Include="srchybrid\res\Mod\Dark_Italic.ico" />
    <Image Include="srchybrid\res\Mod\Dark_ResetFormat.ico" />
    <Image Include="srchybrid\res\Mod\Dark_Underline.ico" />
    <Image Include="srchybrid\res\Mod\Database.ico" />
    <Image Include="srchybrid\res\Mod\DeleteForget.ico" />
    <Image Include="srchybrid\res\Mod\Duplicate.ico" />
    <Image Include="srchybrid\res\Mod\Emulator.ico" />
    <Image Include="srchybrid\res\Mod\EServer.ico" />
    <Image Include="srchybrid\res\Mod\File.ico" />
    <Image Include="srchybrid\res\Mod\FileHistory.ico" />
    <Image Include="srchybrid\res\Mod\FileTypeOther.ico" />
    <Image Include="srchybrid\res\Mod\File_Fake.ico" />
    <Image Include="srchybrid\res\Mod\File_OK.ico" />
    <Image Include="srchybrid\res\Mod\File_Suspicious.ico" />
    <Image Include="srchybrid\res\Mod\Flags\a1.ico" />
    <Image Include="srchybrid\res\Mod\Flags\a2.ico" />
    <Image Include="srchybrid\res\Mod\Flags\ad.ico" />
    <Image Include="srchybrid\res\Mod\Flags\ae.ico" />
    <Image Include="srchybrid\res\Mod\Flags\af.ico" />
    <Image Include="srchybrid\res\Mod\Flags\ag.ico" />
    <Image Include="srchybrid\res\Mod\Flags\ai.ico" />
    <Image Include="srchybrid\res\Mod\Flags\al.ico" />
    <Image Include="srchybrid\res\Mod\Flags\am.ico" />
    <Image Include="srchybrid\res\Mod\Flags\ao.ico" />
    <Image Include="srchybrid\res\Mod\Flags\aq.ico" />
    <Image Include="srchybrid\res\Mod\Flags\ar.ico" />
    <Image Include="srchybrid\res\Mod\Flags\as.ico" />
    <Image Include="srchybrid\res\Mod\Flags\at.ico" />
    <Image Include="srchybrid\res\Mod\Flags\au.ico" />
    <Image Include="srchybrid\res\Mod\Flags\aw.ico" />
    <Image Include="srchybrid\res\Mod\Flags\ax.ico" />
    <Image Include="srchybrid\res\Mod\Flags\az.ico" />
    <Image Include="srchybrid\res\Mod\Flags\ba.ico" />
    <Image Include="srchybrid\res\Mod\Flags\bb.ico" />
    <Image Include="srchybrid\res\Mod\Flags\bd.ico" />
    <Image Include="srchybrid\res\Mod\Flags\be.ico" />
    <Image Include="srchybrid\res\Mod\Flags\bf.ico" />
    <Image Include="srchybrid\res\Mod\Flags\bg.ico" />
    <Image Include="srchybrid\res\Mod\Flags\bh.ico" />
    <Image Include="srchybrid\res\Mod\Flags\bi.ico" />
    <Image Include="srchybrid\res\Mod\Flags\bj.ico" />
    <Image Include="srchybrid\res\Mod\Flags\bl.ico" />
    <Image Include="srchybrid\res\Mod\Flags\bm.ico" />
    <Image Include="srchybrid\res\Mod\Flags\bn.ico" />
    <Image Include="srchybrid\res\Mod\Flags\bo.ico" />
    <Image Include="srchybrid\res\Mod\Flags\bq.ico" />
    <Image Include="srchybrid\res\Mod\Flags\br.ico" />
    <Image Include="srchybrid\res\Mod\Flags\bs.ico" />
    <Image Include="srchybrid\res\Mod\Flags\bt.ico" />
    <Image Include="srchybrid\res\Mod\Flags\bv.ico" />
    <Image Include="srchybrid\res\Mod\Flags\bw.ico" />
    <Image Include="srchybrid\res\Mod\Flags\by.ico" />
    <Image Include="srchybrid\res\Mod\Flags\bz.ico" />
    <Image Include="srchybrid\res\Mod\Flags\ca.ico" />
    <Image Include="srchybrid\res\Mod\Flags\cc.ico" />
    <Image Include="srchybrid\res\Mod\Flags\cd.ico" />
    <Image Include="srchybrid\res\Mod\Flags\cf.ico" />
    <Image Include="srchybrid\res\Mod\Flags\cg.ico" />
    <Image Include="srchybrid\res\Mod\Flags\ch.ico" />
    <Image Include="srchybrid\res\Mod\Flags\ci.ico" />
    <Image Include="srchybrid\res\Mod\Flags\ck.ico" />
    <Image Include="srchybrid\res\Mod\Flags\cl.ico" />
    <Image Include="srchybrid\res\Mod\Flags\cm.ico" />
    <Image Include="srchybrid\res\Mod\Flags\cn.ico" />
    <Image Include="srchybrid\res\Mod\Flags\co.ico" />
    <Image Include="srchybrid\res\Mod\Flags\cr.ico" />
    <Image Include="srchybrid\res\Mod\Flags\cu.ico" />
    <Image Include="srchybrid\res\Mod\Flags\cv.ico" />
    <Image Include="srchybrid\res\Mod\Flags\cw.ico" />
    <Image Include="srchybrid\res\Mod\Flags\cx.ico" />
    <Image Include="srchybrid\res\Mod\Flags\cy.ico" />
    <Image Include="srchybrid\res\Mod\Flags\cz.ico" />
    <Image Include="srchybrid\res\Mod\Flags\de.ico" />
    <Image Include="srchybrid\res\Mod\Flags\dj.ico" />
    <Image Include="srchybrid\res\Mod\Flags\dk.ico" />
    <Image Include="srchybrid\res\Mod\Flags\dm.ico" />
    <Image Include="srchybrid\res\Mod\Flags\do.ico" />
    <Image Include="srchybrid\res\Mod\Flags\dz.ico" />
    <Image Include="srchybrid\res\Mod\Flags\ec.ico" />
    <Image Include="srchybrid\res\Mod\Flags\ee.ico" />
    <Image Include="srchybrid\res\Mod\Flags\eg.ico" />
    <Image Include="srchybrid\res\Mod\Flags\eh.ico" />
    <Image Include="srchybrid\res\Mod\Flags\er.ico" />
    <Image Include="srchybrid\res\Mod\Flags\es.ico" />
    <Image Include="srchybrid\res\Mod\Flags\et.ico" />
    <Image Include="srchybrid\res\Mod\Flags\eu.ico" />
    <Image Include="srchybrid\res\Mod\Flags\fi.ico" />
    <Image Include="srchybrid\res\Mod\Flags\fj.ico" />
    <Image Include="srchybrid\res\Mod\Flags\fk.ico" />
    <Image Include="srchybrid\res\Mod\Flags\fm.ico" />
    <Image Include="srchybrid\res\Mod\Flags\fo.ico" />
    <Image Include="srchybrid\res\Mod\Flags\fr.ico" />
    <Image Include="srchybrid\res\Mod\Flags\ga.ico" />
    <Image Include="srchybrid\res\Mod\Flags\gb.ico" />
    <Image Include="srchybrid\res\Mod\Flags\gd.ico" />
    <Image Include="srchybrid\res\Mod\Flags\ge.ico" />
    <Image Include="srchybrid\res\Mod\Flags\gf.ico" />
    <Image Include="srchybrid\res\Mod\Flags\gg.ico" />
    <Image Include="srchybrid\res\Mod\Flags\gh.ico" />
    <Image Include="srchybrid\res\Mod\Flags\gi.ico" />
    <Image Include="srchybrid\res\Mod\Flags\gl.ico" />
    <Image Include="srchybrid\res\Mod\Flags\gm.ico" />
    <Image Include="srchybrid\res\Mod\Flags\gn.ico" />
    <Image Include="srchybrid\res\Mod\Flags\gp.ico" />
    <Image Include="srchybrid\res\Mod\Flags\gq.ico" />
    <Image Include="srchybrid\res\Mod\Flags\gr.ico" />
    <Image Include="srchybrid\res\Mod\Flags\gs.ico" />
    <Image Include="srchybrid\res\Mod\Flags\gt.ico" />
    <Image Include="srchybrid\res\Mod\Flags\gu.ico" />
    <Image Include="srchybrid\res\Mod\Flags\gw.ico" />
    <Image Include="srchybrid\res\Mod\Flags\gy.ico" />
    <Image Include="srchybrid\res\Mod\Flags\hk.ico" />
    <Image Include="srchybrid\res\Mod\Flags\hm.ico" />
    <Image Include="srchybrid\res\Mod\Flags\hn.ico" />
    <Image Include="srchybrid\res\Mod\Flags\hr.ico" />
    <Image Include="srchybrid\res\Mod\Flags\ht.ico" />
    <Image Include="srchybrid\res\Mod\Flags\hu.ico" />
    <Image Include="srchybrid\res\Mod\Flags\id.ico" />
    <Image Include="srchybrid\res\Mod\Flags\ie.ico" />
    <Image Include="srchybrid\res\Mod\Flags\il.ico" />
    <Image Include="srchybrid\res\Mod\Flags\im.ico" />
    <Image Include="srchybrid\res\Mod\Flags\in.ico" />
    <Image Include="srchybrid\res\Mod\Flags\io.ico" />
    <Image Include="srchybrid\res\Mod\Flags\iq.ico" />
    <Image Include="srchybrid\res\Mod\Flags\ir.ico" />
    <Image Include="srchybrid\res\Mod\Flags\is.ico" />
    <Image Include="srchybrid\res\Mod\Flags\it.ico" />
    <Image Include="srchybrid\res\Mod\Flags\je.ico" />
    <Image Include="srchybrid\res\Mod\Flags\jm.ico" />
    <Image Include="srchybrid\res\Mod\Flags\jo.ico" />
    <Image Include="srchybrid\res\Mod\Flags\jp.ico" />
    <Image Include="srchybrid\res\Mod\Flags\ke.ico" />
    <Image Include="srchybrid\res\Mod\Flags\kg.ico" />
    <Image Include="srchybrid\res\Mod\Flags\kh.ico" />
    <Image Include="srchybrid\res\Mod\Flags\ki.ico" />
    <Image Include="srchybrid\res\Mod\Flags\km.ico" />
    <Image Include="srchybrid\res\Mod\Flags\kn.ico" />
    <Image Include="srchybrid\res\Mod\Flags\kp.ico" />
    <Image Include="srchybrid\res\Mod\Flags\kr.ico" />
    <Image Include="srchybrid\res\Mod\Flags\kw.ico" />
    <Image Include="srchybrid\res\Mod\Flags\ky.ico" />
    <Image Include="srchybrid\res\Mod\Flags\kz.ico" />
    <Image Include="srchybrid\res\Mod\Flags\la.ico" />
    <Image Include="srchybrid\res\Mod\Flags\lb.ico" />
    <Image Include="srchybrid\res\Mod\Flags\lc.ico" />
    <Image Include="srchybrid\res\Mod\Flags\li.ico" />
    <Image Include="srchybrid\res\Mod\Flags\lk.ico" />
    <Image Include="srchybrid\res\Mod\Flags\lr.ico" />
    <Image Include="srchybrid\res\Mod\Flags\ls.ico" />
    <Image Include="srchybrid\res\Mod\Flags\lt.ico" />
    <Image Include="srchybrid\res\Mod\Flags\lu.ico" />
    <Image Include="srchybrid\res\Mod\Flags\lv.ico" />
    <Image Include="srchybrid\res\Mod\Flags\ly.ico" />
    <Image Include="srchybrid\res\Mod\Flags\ma.ico" />
    <Image Include="srchybrid\res\Mod\Flags\mc.ico" />
    <Image Include="srchybrid\res\Mod\Flags\md.ico" />
    <Image Include="srchybrid\res\Mod\Flags\me.ico" />
    <Image Include="srchybrid\res\Mod\Flags\mf.ico" />
    <Image Include="srchybrid\res\Mod\Flags\mg.ico" />
    <Image Include="srchybrid\res\Mod\Flags\mh.ico" />
    <Image Include="srchybrid\res\Mod\Flags\mk.ico" />
    <Image Include="srchybrid\res\Mod\Flags\ml.ico" />
    <Image Include="srchybrid\res\Mod\Flags\mm.ico" />
    <Image Include="srchybrid\res\Mod\Flags\mn.ico" />
    <Image Include="srchybrid\res\Mod\Flags\mo.ico" />
    <Image Include="srchybrid\res\Mod\Flags\mp.ico" />
    <Image Include="srchybrid\res\Mod\Flags\mq.ico" />
    <Image Include="srchybrid\res\Mod\Flags\mr.ico" />
    <Image Include="srchybrid\res\Mod\Flags\ms.ico" />
    <Image Include="srchybrid\res\Mod\Flags\mt.ico" />
    <Image Include="srchybrid\res\Mod\Flags\mu.ico" />
    <Image Include="srchybrid\res\Mod\Flags\mv.ico" />
    <Image Include="srchybrid\res\Mod\Flags\mw.ico" />
    <Image Include="srchybrid\res\Mod\Flags\mx.ico" />
    <Image Include="srchybrid\res\Mod\Flags\my.ico" />
    <Image Include="srchybrid\res\Mod\Flags\mz.ico" />
    <Image Include="srchybrid\res\Mod\Flags\na.ico" />
    <Image Include="srchybrid\res\Mod\Flags\nc.ico" />
    <Image Include="srchybrid\res\Mod\Flags\ne.ico" />
    <Image Include="srchybrid\res\Mod\Flags\nf.ico" />
    <Image Include="srchybrid\res\Mod\Flags\ng.ico" />
    <Image Include="srchybrid\res\Mod\Flags\ni.ico" />
    <Image Include="srchybrid\res\Mod\Flags\nl.ico" />
    <Image Include="srchybrid\res\Mod\Flags\no.ico" />
    <Image Include="srchybrid\res\Mod\Flags\not.ico" />
    <Image Include="srchybrid\res\Mod\Flags\np.ico" />
    <Image Include="srchybrid\res\Mod\Flags\nr.ico" />
    <Image Include="srchybrid\res\Mod\Flags\nu.ico" />
    <Image Include="srchybrid\res\Mod\Flags\nz.ico" />
    <Image Include="srchybrid\res\Mod\Flags\om.ico" />
    <Image Include="srchybrid\res\Mod\Flags\pa.ico" />
    <Image Include="srchybrid\res\Mod\Flags\pe.ico" />
    <Image Include="srchybrid\res\Mod\Flags\pf.ico" />
    <Image Include="srchybrid\res\Mod\Flags\pg.ico" />
    <Image Include="srchybrid\res\Mod\Flags\ph.ico" />
    <Image Include="srchybrid\res\Mod\Flags\pk.ico" />
    <Image Include="srchybrid\res\Mod\Flags\pl.ico" />
    <Image Include="srchybrid\res\Mod\Flags\pm.ico" />
    <Image Include="srchybrid\res\Mod\Flags\pn.ico" />
    <Image Include="srchybrid\res\Mod\Flags\pr.ico" />
    <Image Include="srchybrid\res\Mod\Flags\ps.ico" />
    <Image Include="srchybrid\res\Mod\Flags\pt.ico" />
    <Image Include="srchybrid\res\Mod\Flags\pw.ico" />
    <Image Include="srchybrid\res\Mod\Flags\py.ico" />
    <Image Include="srchybrid\res\Mod\Flags\qa.ico" />
    <Image Include="srchybrid\res\Mod\Flags\re.ico" />
    <Image Include="srchybrid\res\Mod\Flags\ro.ico" />
    <Image Include="srchybrid\res\Mod\Flags\rs.ico" />
    <Image Include="srchybrid\res\Mod\Flags\ru.ico" />
    <Image Include="srchybrid\res\Mod\Flags\rw.ico" />
    <Image Include="srchybrid\res\Mod\Flags\sa.ico" />
    <Image Include="srchybrid\res\Mod\Flags\sb.ico" />
    <Image Include="srchybrid\res\Mod\Flags\sc.ico" />
    <Image Include="srchybrid\res\Mod\Flags\sd.ico" />
    <Image Include="srchybrid\res\Mod\Flags\se.ico" />
    <Image Include="srchybrid\res\Mod\Flags\sg.ico" />
    <Image Include="srchybrid\res\Mod\Flags\sh.ico" />
    <Image Include="srchybrid\res\Mod\Flags\si.ico" />
    <Image Include="srchybrid\res\Mod\Flags\sj.ico" />
    <Image Include="srchybrid\res\Mod\Flags\sk.ico" />
    <Image Include="srchybrid\res\Mod\Flags\sl.ico" />
    <Image Include="srchybrid\res\Mod\Flags\sm.ico" />
    <Image Include="srchybrid\res\Mod\Flags\sn.ico" />
    <Image Include="srchybrid\res\Mod\Flags\so.ico" />
    <Image Include="srchybrid\res\Mod\Flags\sr.ico" />
    <Image Include="srchybrid\res\Mod\Flags\ss.ico" />
    <Image Include="srchybrid\res\Mod\Flags\st.ico" />
    <Image Include="srchybrid\res\Mod\Flags\sv.ico" />
    <Image Include="srchybrid\res\Mod\Flags\sx.ico" />
    <Image Include="srchybrid\res\Mod\Flags\sy.ico" />
    <Image Include="srchybrid\res\Mod\Flags\sz.ico" />
    <Image Include="srchybrid\res\Mod\Flags\tc.ico" />
    <Image Include="srchybrid\res\Mod\Flags\td.ico" />
    <Image Include="srchybrid\res\Mod\Flags\tf.ico" />
    <Image Include="srchybrid\res\Mod\Flags\tg.ico" />
    <Image Include="srchybrid\res\Mod\Flags\th.ico" />
    <Image Include="srchybrid\res\Mod\Flags\tj.ico" />
    <Image Include="srchybrid\res\Mod\Flags\tk.ico" />
    <Image Include="srchybrid\res\Mod\Flags\tl.ico" />
    <Image Include="srchybrid\res\Mod\Flags\tm.ico" />
    <Image Include="srchybrid\res\Mod\Flags\tn.ico" />
    <Image Include="srchybrid\res\Mod\Flags\to.ico" />
    <Image Include="srchybrid\res\Mod\Flags\tr.ico" />
    <Image Include="srchybrid\res\Mod\Flags\tt.ico" />
    <Image Include="srchybrid\res\Mod\Flags\tv.ico" />
    <Image Include="srchybrid\res\Mod\Flags\tw.ico" />
    <Image Include="srchybrid\res\Mod\Flags\tz.ico" />
    <Image Include="srchybrid\res\Mod\Flags\ua.ico" />
    <Image Include="srchybrid\res\Mod\Flags\ug.ico" />
    <Image Include="srchybrid\res\Mod\Flags\um.ico" />
    <Image Include="srchybrid\res\Mod\Flags\us.ico" />
    <Image Include="srchybrid\res\Mod\Flags\uy.ico" />
    <Image Include="srchybrid\res\Mod\Flags\uz.ico" />
    <Image Include="srchybrid\res\Mod\Flags\va.ico" />
    <Image Include="srchybrid\res\Mod\Flags\vc.ico" />
    <Image Include="srchybrid\res\Mod\Flags\ve.ico" />
    <Image Include="srchybrid\res\Mod\Flags\vg.ico" />
    <Image Include="srchybrid\res\Mod\Flags\vi.ico" />
    <Image Include="srchybrid\res\Mod\Flags\vn.ico" />
    <Image Include="srchybrid\res\Mod\Flags\vu.ico" />
    <Image Include="srchybrid\res\Mod\Flags\wf.ico" />
    <Image Include="srchybrid\res\Mod\Flags\ws.ico" />
    <Image Include="srchybrid\res\Mod\Flags\xk.ico" />
    <Image Include="srchybrid\res\Mod\Flags\ye.ico" />
    <Image Include="srchybrid\res\Mod\Flags\yt.ico" />
    <Image Include="srchybrid\res\Mod\Flags\za.ico" />
    <Image Include="srchybrid\res\Mod\Flags\zm.ico" />
    <Image Include="srchybrid\res\Mod\Flags\zw.ico" />
    <Image Include="srchybrid\res\Mod\Flags\_TEMPLATE.ico" />
    <Image Include="srchybrid\res\Mod\Inspect.ico" />
    <Image Include="srchybrid\res\Mod\Leecher.ico" />
    <Image Include="srchybrid\res\Mod\Location.ico" />
    <Image Include="srchybrid\res\Mod\Logo.jpg" />
    <Image Include="srchybrid\res\Mod\MainToolBarBk.bmp" />
    <Image Include="srchybrid\res\Mod\MergeFrom.ico" />
    <Image Include="srchybrid\res\Mod\MergeTo.ico" />
    <Image Include="srchybrid\res\mod\mule_wiz_hdr_transparent.gif" />
    <Image Include="srchybrid\res\mod\mule_wiz_transparent.gif" />
    <Image Include="srchybrid\res\Mod\ProtectionPanel.ico" />
    <Image Include="srchybrid\res\Mod\LeecherPunishment.ico" />
    <Image Include="srchybrid\res\Mod\PreferencesBlue.ico" />
    <Image Include="srchybrid\res\Mod\PreferencesPink.ico" />
    <Image Include="srchybrid\res\Mod\PreferencesRed.ico" />
    <Image Include="srchybrid\res\Mod\Punishment.ico" />
    <Image Include="srchybrid\res\Mod\Reload.ico" />
    <Image Include="srchybrid\res\Mod\ReloadConf.ico" />
    <Image Include="srchybrid\res\Mod\Save.ico" />
    <Image Include="srchybrid\res\Mod\Sort.ico" />
    <Image Include="srchybrid\res\Mod\Spam_Blue.ico" />
    <Image Include="srchybrid\res\Mod\Spam_Dark_Green.ico" />
    <Image Include="srchybrid\res\Mod\Spam_Green.ico" />
    <Image Include="srchybrid\res\Mod\Spam_Orange.ico" />
    <Image Include="srchybrid\res\Mod\Spam_Pink.ico" />
    <Image Include="srchybrid\res\Mod\Spam_Purple.ico" />
    <Image Include="srchybrid\res\Mod\Spam_Yellow.ico" />
    <Image Include="srchybrid\res\Mod\Stop2.ico" />
    <Image Include="srchybrid\res\Mod\Trash.ico" />
    <Image Include="srchybrid\res\Mod\UI.ico" />
    <Image Include="srchybrid\res\Mule.ico" />
    <Image Include="srchybrid\res\Mule_Vista.ico" />
    <Image Include="srchybrid\res\mule_wiz.gif" />
    <Image Include="srchybrid\res\mule_wiz_hdr.gif" />
    <Image Include="srchybrid\res\NavigateBack.ico" />
    <Image Include="srchybrid\res\NavigateForward.ico" />
    <Image Include="srchybrid\res\NoAccessFolderOvl.ico" />
    <Image Include="srchybrid\res\Notifications.ico" />
    <Image Include="srchybrid\res\Pause.ico" />
    <Image Include="srchybrid\res\Preferences.gif" />
    <Image Include="srchybrid\res\Preferences.ico" />
    <Image Include="srchybrid\res\Preview.ico" />
    <Image Include="srchybrid\res\Priority.ico" />
    <Image Include="srchybrid\res\Proxy.ico" />
    <Image Include="srchybrid\res\Records.ico" />
    <Image Include="srchybrid\res\Rename.ico" />
    <Image Include="srchybrid\res\resetformat.ico" />
    <Image Include="srchybrid\res\Restore.ico" />
    <Image Include="srchybrid\res\RestoreWindow.gif" />
    <Image Include="srchybrid\res\RestoreWindow.ico" />
    <Image Include="srchybrid\res\Scheduler.ico" />
    <Image Include="srchybrid\res\Search.ico" />
    <Image Include="srchybrid\res\SearchEdit.ico" />
    <Image Include="srchybrid\res\SearchGlobalActive.ico" />
    <Image Include="srchybrid\res\SearchKad.ico" />
    <Image Include="srchybrid\res\SearchKadActive.ico" />
    <Image Include="srchybrid\res\SearchParams.ico" />
    <Image Include="srchybrid\res\SearchResults.ico" />
    <Image Include="srchybrid\res\SearchServerActive.ico" />
    <Image Include="srchybrid\res\Security.ico" />
    <Image Include="srchybrid\res\Server.ico" />
    <Image Include="srchybrid\res\ServerAdd.ico" />
    <Image Include="srchybrid\res\ServerInfo.ico" />
    <Image Include="srchybrid\res\ServerList.ico" />
    <Image Include="srchybrid\res\ServerSearch.ico" />
    <Image Include="srchybrid\res\ServersUpdate.ico" />
    <Image Include="srchybrid\res\SharedFiles.ico" />
    <Image Include="srchybrid\res\SharedFilesList.ico" />
    <Image Include="srchybrid\res\SharedFolderOvl.ico" />
    <Image Include="srchybrid\res\Smiley_Cry.ico" />
    <Image Include="srchybrid\res\Smiley_Disgust.ico" />
    <Image Include="srchybrid\res\Smiley_Happy.ico" />
    <Image Include="srchybrid\res\Smiley_Interest.ico" />
    <Image Include="srchybrid\res\Smiley_Laugh.ico" />
    <Image Include="srchybrid\res\Smiley_lookside.ico" />
    <Image Include="srchybrid\res\Smiley_Love.ico" />
    <Image Include="srchybrid\res\Smiley_omg.ico" />
    <Image Include="srchybrid\res\Smiley_Ph34r.ico" />
    <Image Include="srchybrid\res\Smiley_Sad.ico" />
    <Image Include="srchybrid\res\Smiley_sadq.ico" />
    <Image Include="srchybrid\res\Smiley_Sealed.ico" />
    <Image Include="srchybrid\res\Smiley_Skeptic.ico" />
    <Image Include="srchybrid\res\Smiley_Smile.ico" />
    <Image Include="srchybrid\res\Smiley_smileq.ico" />
    <Image Include="srchybrid\res\Smiley_Tongue.ico" />
    <Image Include="srchybrid\res\Smiley_Wink.ico" />
    <Image Include="srchybrid\res\Spam.ico" />
    <Image Include="srchybrid\res\Speed.ico" />
    <Image Include="srchybrid\res\SpeedMax.ico" />
    <Image Include="srchybrid\res\SpeedMin.ico" />
    <Image Include="srchybrid\res\SplitWindow.ico" />
    <Image Include="srchybrid\res\Start.ico" />
    <Image Include="srchybrid\res\Statistics.ico" />
    <Image Include="srchybrid\res\StatisticsDetail.ico" />
    <Image Include="srchybrid\res\StatsCumulative.ico" />
    <Image Include="srchybrid\res\StatsDay.ico" />
    <Image Include="srchybrid\res\StatsGeneric.ico" />
    <Image Include="srchybrid\res\StatsMonth.ico" />
    <Image Include="srchybrid\res\StatsProjected.ico" />
    <Image Include="srchybrid\res\StatsTime.ico" />
    <Image Include="srchybrid\res\StatsYear.ico" />
    <Image Include="srchybrid\res\Stop.ico" />
    <Image Include="srchybrid\res\TaskbarNotifier.gif" />
    <Image Include="srchybrid\res\Tools.ico" />
    <Image Include="srchybrid\res\Transfer.ico" />
    <Image Include="srchybrid\res\TransferUpDown.ico" />
    <Image Include="srchybrid\res\TrayBtnBlue.bmp" />
    <Image Include="srchybrid\res\TrayBtnHomestead.bmp" />
    <Image Include="srchybrid\res\TrayBtnMetallic.bmp" />
    <Image Include="srchybrid\res\TrayConnected.ico" />
    <Image Include="srchybrid\res\TrayDisconnected.ico" />
    <Image Include="srchybrid\res\TrayLowID.ico" />
    <Image Include="srchybrid\res\Tweak.ico" />
    <Image Include="srchybrid\res\underline.ico" />
    <Image Include="srchybrid\res\Up0down0.ico" />
    <Image Include="srchybrid\res\Up0down1.ico" />
    <Image Include="srchybrid\res\Up1down0.ico" />
    <Image Include="srchybrid\res\Up1down1.ico" />
    <Image Include="srchybrid\res\Upload.gif" />
    <Image Include="srchybrid\res\Upload.ico" />
    <Image Include="srchybrid\res\User.ico" />
    <Image Include="srchybrid\res\UserAdd.ico" />
    <Image Include="srchybrid\res\UserDelete.ico" />
    <Image Include="srchybrid\res\UserDetails.ico" />
    <Image Include="srchybrid\res\UserFiles.ico" />
    <Image Include="srchybrid\res\UserMessage.ico" />
    <Image Include="srchybrid\res\Web.ico" />
    <Image Include="srchybrid\res\Wizard.ico" />
  </ItemGroup>
  <ItemGroup>
    <None Include=".gitignore" />
    <None Include="srchybrid\res\emule.rc2" />
    <None Include="srchybrid\res\InetDownload.avi" />
    <None Include="srchybrid\res\MiniMule.htm" />
    <None Include="srchybrid\res\WideCharLowerMap.bin" />
  </ItemGroup>
  <ItemGroup>
    <Text Include="_1.Notlar.txt" />
  </ItemGroup>
</Project>
