<?xml version="1.0" encoding="utf-8"?>
<Project ToolsVersion="4.0" xmlns="http://schemas.microsoft.com/developer/msbuild/2003">
  <ItemGroup>
    <ClCompile Include="3DPreviewControl.cpp" />
    <ClCompile Include="AbstractFile.cpp" />
    <ClCompile Include="AddFriend.cpp" />
    <ClCompile Include="AddSourceDlg.cpp" />
    <ClCompile Include="AICHSyncThread.cpp" />
    <ClCompile Include="ArchivePreviewDlg.cpp" />
    <ClCompile Include="ArchiveRecovery.cpp" />
    <ClCompile Include="AsyncProxySocketLayer.cpp" />
    <ClCompile Include="AsyncSocketEx.cpp" />
    <ClCompile Include="AsyncSocketExLayer.cpp" />
    <ClCompile Include="BarShader.cpp" />
    <ClCompile Include="BaseClient.cpp" />
    <ClCompile Include="BuddyButton.cpp" />
    <ClCompile Include="ButtonsTabCtrl.cpp" />
    <ClCompile Include="eMuleAI\Address.cpp" />
    <ClCompile Include="eMuleAI\AntiNick.cpp" />
    <ClCompile Include="eMuleAI\Buffer.cpp" />
    <ClCompile Include="eMuleAI\ConChecker.cpp" />
    <ClCompile Include="eMuleAI\DebugLeakHelper.cpp" />
    <ClCompile Include="eMuleAI\DesktopIntegration.cpp" />
    <ClCompile Include="eMuleAI\DownloadChecker.cpp" />
    <ClCompile Include="eMuleAI\KeyHelper.cpp" />
    <ClCompile Include="eMuleAI\MenuXP.cpp" />
    <ClCompile Include="eMuleAI\ReadWriteLock.cpp" />
    <ClCompile Include="eMuleAI\DarkMode.cpp" />
    <ClCompile Include="eMuleAI\Shield.cpp" />
    <ClCompile Include="eMuleAI\FastKad.cpp" />
    <ClCompile Include="eMuleAI\GeoLite2PP.cpp" />
    <ClCompile Include="eMuleAI\GeoLite2PP_error_category.cpp" />
    <ClCompile Include="eMuleAI\MediaInfoLib.cpp" />
    <ClCompile Include="eMuleAI\PPgBlacklistPanel.cpp" />
    <ClCompile Include="eMuleAI\PPgProtectionPanel.cpp" />
    <ClCompile Include="eMuleAI\PPgMod.cpp" />
    <ClCompile Include="eMuleAI\SafeKad.cpp" />
    <ClCompile Include="eMuleAI\SourceSaver.cpp" />
    <ClCompile Include="eMuleAI\SpeedGraph.cpp" />
    <ClCompile Include="eMuleAI\UtpSocket.cpp" />
    <ClCompile Include="eMuleAI\GeoLiteDownloadDlg.cpp" />
    <ClCompile Include="CaptchaGenerator.cpp" />
    <ClCompile Include="CatDialog.cpp" />
    <ClCompile Include="ChatSelector.cpp" />
    <ClCompile Include="ChatWnd.cpp" />
    <ClCompile Include="ClientCredits.cpp" />
    <ClCompile Include="ClientDetailDialog.cpp" />
    <ClCompile Include="ClientList.cpp" />
    <ClCompile Include="ClientListCtrl.cpp" />
    <ClCompile Include="ClientUDPSocket.cpp" />
    <ClCompile Include="ClosableTabCtrl.cpp" />
    <ClCompile Include="Collection.cpp" />
    <ClCompile Include="CollectionCreateDialog.cpp" />
    <ClCompile Include="CollectionFile.cpp" />
    <ClCompile Include="CollectionListCtrl.cpp" />
    <ClCompile Include="CollectionViewDialog.cpp" />
    <ClCompile Include="ColorButton.cpp" />
    <ClCompile Include="ColourPopup.cpp" />
    <ClCompile Include="ComboBoxEx2.cpp" />
    <ClCompile Include="CommentDialog.cpp" />
    <ClCompile Include="CommentDialogLst.cpp" />
    <ClCompile Include="CommentListCtrl.cpp" />
    <ClCompile Include="CorruptionBlackBox.cpp" />
    <ClCompile Include="CustomAutoComplete.cpp" />
    <ClCompile Include="DeadSourceList.cpp" />
    <ClCompile Include="DialogMinTrayBtn.cpp" />
    <ClCompile Include="DirectDownloadDlg.cpp" />
    <ClCompile Include="DirectoryTreeCtrl.cpp" />
    <ClCompile Include="DownloadClient.cpp" />
    <ClCompile Include="DownloadClientsCtrl.cpp" />
    <ClCompile Include="DownloadListCtrl.cpp" />
    <ClCompile Include="DownloadQueue.cpp" />
    <ClCompile Include="DropDownButton.cpp" />
    <ClCompile Include="DropTarget.cpp" />
    <ClCompile Include="ED2KLink.cpp" />
    <ClCompile Include="ED2kLinkDlg.cpp" />
    <ClCompile Include="EditDelayed.cpp" />
    <ClCompile Include="EditX.cpp" />
    <ClCompile Include="EMSocket.cpp" />
    <ClCompile Include="Emule.cpp" />
    <ClCompile Include="EmuleDlg.cpp" />
    <ClCompile Include="EnBitmap.cpp" />
    <ClCompile Include="EncryptedDatagramSocket.cpp" />
    <ClCompile Include="EncryptedStreamSocket.cpp" />
    <ClCompile Include="ExitBox.cpp" />
    <ClCompile Include="FileDetailDialog.cpp" />
    <ClCompile Include="FileDetailDialogInfo.cpp" />
    <ClCompile Include="FileDetailDialogName.cpp" />
    <ClCompile Include="FileDetailDlgStatistics.cpp" />
    <ClCompile Include="FileIdentifier.cpp" />
    <ClCompile Include="FileInfoDialog.cpp" />
    <ClCompile Include="FirewallOpener.cpp" />
    <ClCompile Include="FrameGrabThread.cpp" />
    <ClCompile Include="Friend.cpp" />
    <ClCompile Include="FriendList.cpp" />
    <ClCompile Include="FriendListCtrl.cpp" />
    <ClCompile Include="GDIThread.cpp" />
    <ClCompile Include="GradientStatic.cpp" />
    <ClCompile Include="GZipFile.cpp" />
    <ClCompile Include="HTRichEditCtrl.cpp" />
    <ClCompile Include="HttpDownloadDlg.cpp" />
    <ClCompile Include="I18n.cpp" />
    <ClCompile Include="eMuleAI\LanguageSelectDlg.cpp" />
    <ClCompile Include="eMuleAI\MigrationWizardDlg.cpp" />
    <ClCompile Include="IconStatic.cpp" />
    <ClCompile Include="IESecurity.cpp" />
    <ClCompile Include="Ini2.cpp" />
    <ClCompile Include="InputBox.cpp" />
    <ClCompile Include="IPFilter.cpp" />
    <ClCompile Include="IPFilterDlg.cpp" />
    <ClCompile Include="IrcChannelListCtrl.cpp" />
    <ClCompile Include="IrcChannelTabCtrl.cpp" />
    <ClCompile Include="IrcMain.cpp" />
    <ClCompile Include="IrcNickListCtrl.cpp" />
    <ClCompile Include="IrcSocket.cpp" />
    <ClCompile Include="IrcWnd.cpp" />
    <ClCompile Include="KadContactHistogramCtrl.cpp" />
    <ClCompile Include="KadContactListCtrl.cpp" />
    <ClCompile Include="kademlia\io\BufferedFileIO.cpp" />
    <ClCompile Include="kademlia\io\ByteIO.cpp" />
    <ClCompile Include="kademlia\io\DataIO.cpp" />
    <ClCompile Include="kademlia\io\FileIO.cpp" />
    <ClCompile Include="kademlia\io\IOException.cpp" />
    <ClCompile Include="kademlia\kademlia\Entry.cpp" />
    <ClCompile Include="kademlia\kademlia\Indexed.cpp" />
    <ClCompile Include="kademlia\kademlia\Kademlia.cpp" />
    <ClCompile Include="kademlia\kademlia\Prefs.cpp" />
    <ClCompile Include="kademlia\kademlia\Search.cpp" />
    <ClCompile Include="kademlia\kademlia\SearchManager.cpp" />
    <ClCompile Include="kademlia\kademlia\UDPFirewallTester.cpp" />
    <ClCompile Include="kademlia\net\KademliaUDPListener.cpp" />
    <ClCompile Include="kademlia\net\PacketTracking.cpp" />
    <ClCompile Include="kademlia\routing\Contact.cpp" />
    <ClCompile Include="kademlia\routing\RoutingBin.cpp" />
    <ClCompile Include="kademlia\routing\RoutingZone.cpp" />
    <ClCompile Include="kademlia\utils\LookupHistory.cpp" />
    <ClCompile Include="kademlia\utils\MiscUtils.cpp" />
    <ClCompile Include="kademlia\utils\ThreadName.cpp" />
    <ClCompile Include="kademlia\utils\UInt128.cpp" />
    <ClCompile Include="KademliaWnd.cpp" />
    <ClCompile Include="KadLookupGraph.cpp" />
    <ClCompile Include="KadSearchListCtrl.cpp" />
    <ClCompile Include="KnownFile.cpp" />
    <ClCompile Include="KnownFileList.cpp" />
    <ClCompile Include="LastCommonRouteFinder.cpp" />
    <ClCompile Include="LayeredWindowHelperST.cpp" />
    <ClCompile Include="ListBoxST.cpp" />
    <ClCompile Include="ListCtrlEditable.cpp" />
    <ClCompile Include="ListCtrlX.cpp" />
    <ClCompile Include="ListenSocket.cpp" />
    <ClCompile Include="ListViewSearchDlg.cpp" />
    <ClCompile Include="ListViewWalkerPropertySheet.cpp" />
    <ClCompile Include="Log.cpp" />
    <ClCompile Include="MD4.cpp" />
    <ClCompile Include="MD5Sum.cpp" />
    <ClCompile Include="Mdump.cpp" />
    <ClCompile Include="MediaInfo.cpp" />
    <ClCompile Include="MetaDataDlg.cpp" />
    <ClCompile Include="MeterIcon.cpp" />
    <ClCompile Include="MiniMule.cpp" />
    <ClCompile Include="MuleListCtrl.cpp" />
    <ClCompile Include="MuleStatusBarCtrl.cpp" />
    <ClCompile Include="MuleSystrayDlg.cpp" />
    <ClCompile Include="MuleToolBarCtrl.cpp" />
    <ClCompile Include="eMuleAI\GeoLite2.cpp" />
    <ClCompile Include="NetworkInfoDlg.cpp" />
    <ClCompile Include="OScopeCtrl.cpp" />
    <ClCompile Include="OtherFunctions.cpp" />
    <ClCompile Include="Packets.cpp" />
    <ClCompile Include="Parser.cpp" />
    <ClCompile Include="PartFile.cpp" />
    <ClCompile Include="PartFileConvert.cpp" />
    <ClCompile Include="PartFileWriteThread.cpp" />
    <ClCompile Include="PerfLog.cpp" />
    <ClCompile Include="Pinger.cpp" />
    <ClCompile Include="PPgConnection.cpp" />
    <ClCompile Include="PPgDebug.cpp" />
    <ClCompile Include="PPgDirectories.cpp" />
    <ClCompile Include="PPgDisplay.cpp" />
    <ClCompile Include="PPgFiles.cpp" />
    <ClCompile Include="PPgGeneral.cpp" />
    <ClCompile Include="PPgIRC.cpp" />
    <ClCompile Include="PPgMessages.cpp" />
    <ClCompile Include="PPgNotify.cpp" />
    <ClCompile Include="PPgProxy.cpp" />
    <ClCompile Include="PPgScheduler.cpp" />
    <ClCompile Include="PPgSecurity.cpp" />
    <ClCompile Include="PPgServer.cpp" />
    <ClCompile Include="PPgStats.cpp" />
    <ClCompile Include="PPgTweaks.cpp" />
    <ClCompile Include="PPgWebServer.cpp" />
    <ClCompile Include="Preferences.cpp" />
    <ClCompile Include="PreferencesDlg.cpp" />
    <ClCompile Include="Preview.cpp" />
    <ClCompile Include="PreviewDlg.cpp" />
    <ClCompile Include="ProgressCtrlX.cpp" />
    <ClCompile Include="PShtWiz1.cpp" />
    <ClCompile Include="Quantize.cpp" />
    <ClCompile Include="QueueListCtrl.cpp" />
    <ClCompile Include="RARFile.cpp" />
    <ClCompile Include="RichEditCtrlX.cpp" />
    <ClCompile Include="RichEditStream.cpp" />
    <ClCompile Include="SafeFile.cpp" />
    <ClCompile Include="Scanner.cpp" />
    <ClCompile Include="Scheduler.cpp" />
    <ClCompile Include="SearchDlg.cpp" />
    <ClCompile Include="SearchFile.cpp" />
    <ClCompile Include="SearchList.cpp" />
    <ClCompile Include="SearchListCtrl.cpp" />
    <ClCompile Include="SearchParamsWnd.cpp" />
    <ClCompile Include="SearchResultsWnd.cpp" />
    <ClCompile Include="SecRunAsUser.cpp" />
    <ClCompile Include="SelfTest.cpp" />
    <ClCompile Include="SendMail.cpp" />
    <ClCompile Include="Server.cpp" />
    <ClCompile Include="ServerConnect.cpp" />
    <ClCompile Include="ServerList.cpp" />
    <ClCompile Include="ServerListCtrl.cpp" />
    <ClCompile Include="ServerSocket.cpp" />
    <ClCompile Include="ServerWnd.cpp" />
    <ClCompile Include="SHA.cpp" />
    <ClCompile Include="SHAHashSet.cpp" />
    <ClCompile Include="ShareableFile.cpp" />
    <ClCompile Include="SharedDirsTreeCtrl.cpp" />
    <ClCompile Include="SharedFileList.cpp" />
    <ClCompile Include="SharedFilesCtrl.cpp" />
    <ClCompile Include="SharedFilesWnd.cpp" />
    <ClCompile Include="SmileySelector.cpp" />
    <ClCompile Include="SMTPdialog.cpp" />
    <ClCompile Include="SplashScreen.cpp" />
    <ClCompile Include="SplitterControl.cpp" />
    <ClCompile Include="StatisticFile.cpp" />
    <ClCompile Include="Statistics.cpp" />
    <ClCompile Include="StatisticsDlg.cpp" />
    <ClCompile Include="StatisticsTree.cpp" />
    <ClCompile Include="Stdafx.cpp" />
    <ClCompile Include="StringConversion.cpp" />
    <ClCompile Include="TaskbarNotifier.cpp" />
    <ClCompile Include="TextToSpeech.cpp" />
    <ClCompile Include="TimeTick.cpp" />
    <ClCompile Include="TLSthreading.cpp" />
    <ClCompile Include="ToolBarCtrlX.cpp" />
    <ClCompile Include="ToolbarWnd.cpp" />
    <ClCompile Include="ToolTipCtrlX.cpp" />
    <ClCompile Include="TransferDlg.cpp" />
    <ClCompile Include="TransferWnd.cpp" />
    <ClCompile Include="TrayDialog.cpp" />
    <ClCompile Include="TrayMenuBtn.cpp" />
    <ClCompile Include="TreeOptionsCtrl.cpp" />
    <ClCompile Include="TreeOptionsCtrlEx.cpp" />
    <ClCompile Include="TreePropSheet.cpp" />
    <ClCompile Include="TreePropSheetPgFrame.cpp" />
    <ClCompile Include="TreePropSheetPgFrameDef.cpp" />
    <ClCompile Include="UDPSocket.cpp" />
    <ClCompile Include="UploadBandwidthThrottler.cpp" />
    <ClCompile Include="UploadClient.cpp" />
    <ClCompile Include="UploadDiskIOThread.cpp" />
    <ClCompile Include="UploadListCtrl.cpp" />
    <ClCompile Include="UploadQueue.cpp" />
    <ClCompile Include="UPnPImpl.cpp" />
    <ClCompile Include="UPnPImplMiniLib.cpp" />
    <ClCompile Include="UPnPImplWinServ.cpp" />
    <ClCompile Include="UPnPImplWrapper.cpp" />
    <ClCompile Include="Version.cpp" />
    <ClCompile Include="WebServer.cpp" />
    <ClCompile Include="WebSocket.cpp" />
    <ClCompile Include="Wizard.cpp" />
    <ClCompile Include="ZIPFile.cpp" />
  </ItemGroup>
  <ItemGroup>
    <ClInclude Include="3DPreviewControl.h" />
    <ClInclude Include="AbstractFile.h" />
    <ClInclude Include="AddFriend.h" />
    <ClInclude Include="AddSourceDlg.h" />
    <ClInclude Include="AICHSyncThread.h" />
    <ClInclude Include="ArchivePreviewDlg.h" />
    <ClInclude Include="ArchiveRecovery.h" />
    <ClInclude Include="AsyncProxySocketLayer.h" />
    <ClInclude Include="AsyncSocketEx.h" />
    <ClInclude Include="AsyncSocketExLayer.h" />
    <ClInclude Include="BarShader.h" />
    <ClInclude Include="ButtonsTabCtrl.h" />
    <ClInclude Include="eMuleAI\Address.h" />
    <ClInclude Include="eMuleAI\AntiNick.h" />
    <ClInclude Include="eMuleAI\Buffer.h" />
    <ClInclude Include="eMuleAI\ConChecker.h" />
    <ClInclude Include="eMuleAI\DebugLeakHelper.h" />
    <ClInclude Include="eMuleAI\DesktopIntegration.h" />
    <ClInclude Include="eMuleAI\DownloadChecker.h" />
    <ClInclude Include="eMuleAI\Json.hpp" />
    <ClInclude Include="eMuleAI\Json_fwd.hpp" />
    <ClInclude Include="eMuleAI\KeyHelper.h" />
    <ClInclude Include="eMuleAI\MenuXP.h" />
    <ClInclude Include="eMuleAI\Pdqsort.h" />
    <ClInclude Include="eMuleAI\ReadWriteLock.h" />
    <ClInclude Include="eMuleAI\DarkMode.h" />
    <ClInclude Include="eMuleAI\Shield.h" />
    <ClInclude Include="eMuleAI\GeoLiteDownloadDlg.h" />
    <ClInclude Include="eMuleAI\FastKad.h" />
    <ClInclude Include="eMuleAI\GeoLite2PP.hpp" />
    <ClInclude Include="eMuleAI\GeoLite2PP_error_category.hpp" />
    <ClInclude Include="eMuleAI\MediaInfoLib.h" />
    <ClInclude Include="eMuleAI\PPgBlacklistPanel.h" />
    <ClInclude Include="eMuleAI\PPgProtectionPanel.h" />
    <ClInclude Include="eMuleAI\PPgMod.h" />
    <ClInclude Include="eMuleAI\SafeKad.h" />
    <ClInclude Include="eMuleAI\SourceSaver.h" />
    <ClInclude Include="eMuleAI\SpeedGraph.h" />
    <ClInclude Include="eMuleAI\ThreadpoolWrapper.h" />
    <ClInclude Include="eMuleAI\Timsort.hpp" />
    <ClInclude Include="eMuleAI\UtpSocket.h" />
    <ClInclude Include="CaptchaGenerator.h" />
    <ClInclude Include="CatDialog.h" />
    <ClInclude Include="ChatSelector.h" />
    <ClInclude Include="ChatWnd.h" />
    <ClInclude Include="ClientCredits.h" />
    <ClInclude Include="ClientDetailDialog.h" />
    <ClInclude Include="ClientList.h" />
    <ClInclude Include="ClientListCtrl.h" />
    <ClInclude Include="ClientStateDefs.h" />
    <ClInclude Include="ClientUDPSocket.h" />
    <ClInclude Include="ClosableTabCtrl.h" />
    <ClInclude Include="Collection.h" />
    <ClInclude Include="CollectionCreateDialog.h" />
    <ClInclude Include="CollectionFile.h" />
    <ClInclude Include="CollectionListCtrl.h" />
    <ClInclude Include="CollectionViewDialog.h" />
    <ClInclude Include="ColorButton.h" />
    <ClInclude Include="ColourPopup.h" />
    <ClInclude Include="ComboBoxEx2.h" />
    <ClInclude Include="CommentDialog.h" />
    <ClInclude Include="CommentDialogLst.h" />
    <ClInclude Include="CommentListCtrl.h" />
    <ClInclude Include="CorruptionBlackBox.h" />
    <ClInclude Include="CustomAutoComplete.h" />
    <ClInclude Include="DeadSourceList.h" />
    <ClInclude Include="Debug_FileSize.h" />
    <ClInclude Include="DebugHelpers.h" />
    <ClInclude Include="DialogMinTrayBtn.h" />
    <ClInclude Include="DirectDownloadDlg.h" />
    <ClInclude Include="DirectoryTreeCtrl.h" />
    <ClInclude Include="DownloadClientsCtrl.h" />
    <ClInclude Include="DownloadListCtrl.h" />
    <ClInclude Include="DownloadQueue.h" />
    <ClInclude Include="Drawgdix.h" />
    <ClInclude Include="DropDownButton.h" />
    <ClInclude Include="DropTarget.h" />
    <ClInclude Include="ED2KLink.h" />
    <ClInclude Include="ED2kLinkDlg.h" />
    <ClInclude Include="EditDelayed.h" />
    <ClInclude Include="EditX.h" />
    <ClInclude Include="EMSocket.h" />
    <ClInclude Include="Emule.h" />
    <ClInclude Include="emule_site_config.h" />
    <ClInclude Include="EmuleDlg.h" />
    <ClInclude Include="EnBitmap.h" />
    <ClInclude Include="EncryptedDatagramSocket.h" />
    <ClInclude Include="EncryptedStreamSocket.h" />
    <ClInclude Include="Exceptions.h" />
    <ClInclude Include="ExitBox.h" />
    <ClInclude Include="FileDetailDialog.h" />
    <ClInclude Include="FileDetailDialogInfo.h" />
    <ClInclude Include="FileDetailDialogName.h" />
    <ClInclude Include="FileDetailDlgStatistics.h" />
    <ClInclude Include="FileIdentifier.h" />
    <ClInclude Include="FileInfoDialog.h" />
    <ClInclude Include="FirewallOpener.h" />
    <ClInclude Include="FrameGrabThread.h" />
    <ClInclude Include="Friend.h" />
    <ClInclude Include="FriendList.h" />
    <ClInclude Include="FriendListCtrl.h" />
    <ClInclude Include="GDIThread.h" />
    <ClInclude Include="GradientStatic.h" />
    <ClInclude Include="GZipFile.h" />
    <ClInclude Include="HelpIDs.h" />
    <ClInclude Include="HighColorTab.hpp" />
    <ClInclude Include="HTRichEditCtrl.h" />
    <ClInclude Include="HttpDownloadDlg.h" />
    <ClInclude Include="IconStatic.h" />
    <ClInclude Include="IESecurity.h" />
    <ClInclude Include="Ini2.h" />
    <ClInclude Include="eMuleAI\LanguageSelectDlg.h" />
    <ClInclude Include="eMuleAI\MigrationWizardDlg.h" />
    <ClInclude Include="InputBox.h" />
    <ClInclude Include="IPFilter.h" />
    <ClInclude Include="IPFilterDlg.h" />
    <ClInclude Include="IrcChannelListCtrl.h" />
    <ClInclude Include="IrcChannelTabCtrl.h" />
    <ClInclude Include="IrcMain.h" />
    <ClInclude Include="IrcNickListCtrl.h" />
    <ClInclude Include="IrcSocket.h" />
    <ClInclude Include="IrcWnd.h" />
    <ClInclude Include="KadContactHistogramCtrl.h" />
    <ClInclude Include="KadContactListCtrl.h" />
    <ClInclude Include="kademlia\io\BufferedFileIO.h" />
    <ClInclude Include="kademlia\io\ByteIO.h" />
    <ClInclude Include="kademlia\io\DataIO.h" />
    <ClInclude Include="kademlia\io\FileIO.h" />
    <ClInclude Include="kademlia\io\IOException.h" />
    <ClInclude Include="kademlia\kademlia\Defines.h" />
    <ClInclude Include="kademlia\kademlia\Entry.h" />
    <ClInclude Include="kademlia\kademlia\Error.h" />
    <ClInclude Include="kademlia\kademlia\Indexed.h" />
    <ClInclude Include="kademlia\kademlia\Kademlia.h" />
    <ClInclude Include="kademlia\kademlia\Prefs.h" />
    <ClInclude Include="kademlia\kademlia\Search.h" />
    <ClInclude Include="kademlia\kademlia\SearchManager.h" />
    <ClInclude Include="kademlia\kademlia\Tag.h" />
    <ClInclude Include="kademlia\kademlia\UDPFirewallTester.h" />
    <ClInclude Include="kademlia\net\KademliaUDPListener.h" />
    <ClInclude Include="kademlia\net\PacketTracking.h" />
    <ClInclude Include="kademlia\routing\Contact.h" />
    <ClInclude Include="kademlia\routing\Maps.h" />
    <ClInclude Include="kademlia\routing\RoutingBin.h" />
    <ClInclude Include="kademlia\routing\RoutingZone.h" />
    <ClInclude Include="kademlia\utils\KadClientSearcher.h" />
    <ClInclude Include="kademlia\utils\KadUDPKey.h" />
    <ClInclude Include="kademlia\utils\LookupHistory.h" />
    <ClInclude Include="kademlia\utils\MiscUtils.h" />
    <ClInclude Include="kademlia\utils\ThreadName.h" />
    <ClInclude Include="kademlia\utils\UInt128.h" />
    <ClInclude Include="KademliaWnd.h" />
    <ClInclude Include="KadLookupGraph.h" />
    <ClInclude Include="KadSearchListCtrl.h" />
    <ClInclude Include="KnownFile.h" />
    <ClInclude Include="KnownFileList.h" />
    <ClInclude Include="LastCommonRouteFinder.h" />
    <ClInclude Include="LayeredWindowHelperST.h" />
    <ClInclude Include="ListBoxST.h" />
    <ClInclude Include="ListCtrlEditable.h" />
    <ClInclude Include="ListCtrlItemWalk.h" />
    <ClInclude Include="ListCtrlX.h" />
    <ClInclude Include="ListenSocket.h" />
    <ClInclude Include="ListViewSearchDlg.h" />
    <ClInclude Include="ListViewWalkerPropertySheet.h" />
    <ClInclude Include="Log.h" />
    <ClInclude Include="MapKey.h" />
    <ClInclude Include="MD4.h" />
    <ClInclude Include="MD5Sum.h" />
    <ClInclude Include="Mdump.h" />
    <ClInclude Include="MediaInfo.h" />
    <ClInclude Include="MemDC.h" />
    <ClInclude Include="MenuCmds.h" />
    <ClInclude Include="MetaDataDlg.h" />
    <ClInclude Include="MeterIcon.h" />
    <ClInclude Include="MiniMule.h" />
    <ClInclude Include="MuleListCtrl.h" />
    <ClInclude Include="MuleStatusBarCtrl.h" />
    <ClInclude Include="MuleSystrayDlg.h" />
    <ClInclude Include="MuleToolBarCtrl.h" />
    <ClInclude Include="eMuleAI\GeoLite2.h" />
    <ClInclude Include="NetworkInfoDlg.h" />
    <ClInclude Include="Opcodes.h" />
    <ClInclude Include="OScopeCtrl.h" />
    <ClInclude Include="OtherFunctions.h" />
    <ClInclude Include="Packets.h" />
    <ClInclude Include="Parser.hpp" />
    <ClInclude Include="PartFile.h" />
    <ClInclude Include="PartFileConvert.h" />
    <ClInclude Include="PartFileWriteThread.h" />
    <ClInclude Include="PerfLog.h" />
    <ClInclude Include="Pinger.h" />
    <ClInclude Include="PPgConnection.h" />
    <ClInclude Include="PPgDebug.h" />
    <ClInclude Include="PPgDirectories.h" />
    <ClInclude Include="PPgDisplay.h" />
    <ClInclude Include="PPgFiles.h" />
    <ClInclude Include="PPgGeneral.h" />
    <ClInclude Include="PPgIRC.h" />
    <ClInclude Include="PPgMessages.h" />
    <ClInclude Include="PPgNotify.h" />
    <ClInclude Include="PPgProxy.h" />
    <ClInclude Include="PPgScheduler.h" />
    <ClInclude Include="PPgSecurity.h" />
    <ClInclude Include="PPgServer.h" />
    <ClInclude Include="PPgStats.h" />
    <ClInclude Include="PPgTweaks.h" />
    <ClInclude Include="PPgWebServer.h" />
    <ClInclude Include="Preferences.h" />
    <ClInclude Include="PreferencesDlg.h" />
    <ClInclude Include="Preview.h" />
    <ClInclude Include="PreviewDlg.h" />
    <ClInclude Include="ProgressCtrlX.h" />
    <ClInclude Include="QArray.h" />
    <ClInclude Include="Quantize.h" />
    <ClInclude Include="QueueListCtrl.h" />
    <ClInclude Include="RARFile.h" />
    <ClInclude Include="Resource.h" />
    <ClInclude Include="RichEditCtrlX.h" />
    <ClInclude Include="RichEditStream.h" />
    <ClInclude Include="SafeFile.h" />
    <ClInclude Include="Scanner.h" />
    <ClInclude Include="Scheduler.h" />
    <ClInclude Include="SearchDlg.h" />
    <ClInclude Include="SearchExpr.h" />
    <ClInclude Include="SearchFile.h" />
    <ClInclude Include="SearchList.h" />
    <ClInclude Include="SearchListCtrl.h" />
    <ClInclude Include="SearchParams.h" />
    <ClInclude Include="SearchParamsWnd.h" />
    <ClInclude Include="SearchResultsWnd.h" />
    <ClInclude Include="SecRunAsUser.h" />
    <ClInclude Include="Server.h" />
    <ClInclude Include="ServerConnect.h" />
    <ClInclude Include="ServerList.h" />
    <ClInclude Include="ServerListCtrl.h" />
    <ClInclude Include="ServerSocket.h" />
    <ClInclude Include="ServerWnd.h" />
    <ClInclude Include="SHA.h" />
    <ClInclude Include="SHAHashSet.h" />
    <ClInclude Include="ShareableFile.h" />
    <ClInclude Include="SharedDirsTreeCtrl.h" />
    <ClInclude Include="SharedFileList.h" />
    <ClInclude Include="SharedFilesCtrl.h" />
    <ClInclude Include="SharedFilesWnd.h" />
    <ClInclude Include="SmileySelector.h" />
    <ClInclude Include="SMTPdialog.h" />
    <ClInclude Include="SplashScreen.h" />
    <ClInclude Include="SplitterControl.h" />
    <ClInclude Include="StatisticFile.h" />
    <ClInclude Include="Statistics.h" />
    <ClInclude Include="StatisticsDlg.h" />
    <ClInclude Include="StatisticsTree.h" />
    <ClInclude Include="Stdafx.h" />
    <ClInclude Include="StringConversion.h" />
    <ClInclude Include="TaskbarNotifier.h" />
    <ClInclude Include="TextToSpeech.h" />
    <ClInclude Include="ThrottledSocket.h" />
    <ClInclude Include="TimeTick.h" />
    <ClInclude Include="TLSthreading.h" />
    <ClInclude Include="ToolBarCtrlX.h" />
    <ClInclude Include="ToolbarWnd.h" />
    <ClInclude Include="ToolTipCtrlX.h" />
    <ClInclude Include="TransferDlg.h" />
    <ClInclude Include="TransferWnd.h" />
    <ClInclude Include="TrayDialog.h" />
    <ClInclude Include="TrayMenuBtn.h" />
    <ClInclude Include="TreeOptionsCtrl.h" />
    <ClInclude Include="TreeOptionsCtrlEx.h" />
    <ClInclude Include="TreePropSheet.h" />
    <ClInclude Include="TreePropSheetPgFrame.h" />
    <ClInclude Include="TreePropSheetPgFrameDef.h" />
    <ClInclude Include="Types.h" />
    <ClInclude Include="UDPSocket.h" />
    <ClInclude Include="UpdownClient.h" />
    <ClInclude Include="UploadBandwidthThrottler.h" />
    <ClInclude Include="UploadDiskIOThread.h" />
    <ClInclude Include="UploadListCtrl.h" />
    <ClInclude Include="UploadQueue.h" />
    <ClInclude Include="UPnPImpl.h" />
    <ClInclude Include="UPnPImplMiniLib.h" />
    <ClInclude Include="UPnPImplWinServ.h" />
    <ClInclude Include="UPnPImplWrapper.h" />
    <ClInclude Include="UserMsgs.h" />
    <ClInclude Include="Version.h" />
    <ClInclude Include="VistaDefines.h" />
    <ClInclude Include="WebServer.h" />
    <ClInclude Include="WebServices.h" />
    <ClInclude Include="WebSocket.h" />
    <ClInclude Include="Wizard.h" />
    <ClInclude Include="ZIPFile.h" />
  </ItemGroup>
  <ItemGroup>
    <CustomBuild Include="Parser.y" />
    <CustomBuild Include="Scanner.l" />
    <CustomBuild Include="translations\translations.map" />
  </ItemGroup>
  <ItemGroup>
    <ResourceCompile Include="emule.rc" />
  </ItemGroup>
  <ItemGroup>
    <Image Include="res\all.ico" />
    <Image Include="res\ArchivePreview.ico" />
    <Image Include="res\bold.ico" />
    <Image Include="res\Browse8.ico" />
    <Image Include="res\Cancel.ico" />
    <Image Include="res\Category.ico" />
    <Image Include="res\Chat.ico" />
    <Image Include="res\clear1.ico" />
    <Image Include="res\clear2.ico" />
    <Image Include="res\Client0.ico" />
    <Image Include="res\Client1.ico" />
    <Image Include="res\Client2.ico" />
    <Image Include="res\Client3.ico" />
    <Image Include="res\Client4.ico" />
    <Image Include="res\ClientaMule.ico" />
    <Image Include="res\ClientaMulePlus.ico" />
    <Image Include="res\ClientCompatible.ico" />
    <Image Include="res\ClientCompatiblePlus.ico" />
    <Image Include="res\ClientDefault.ico" />
    <Image Include="res\ClientDefaultPlus.ico" />
    <Image Include="res\ClienteDonkeyHybrid.ico" />
    <Image Include="res\ClienteDonkeyHybridPlus.ico" />
    <Image Include="res\ClientlPhant.ico" />
    <Image Include="res\ClientlPhantPlus.ico" />
    <Image Include="res\ClientMLDonkey.ico" />
    <Image Include="res\ClientMLDonkeyPlus.ico" />
    <Image Include="res\Clientobfuovl.ICO" />
    <Image Include="res\ClientSecureHashOvl.ico" />
    <Image Include="res\Clientsecurehasobfuhovl.ICO" />
    <Image Include="res\ClientShareaza.ico" />
    <Image Include="res\ClientShareazaPlus.ico" />
    <Image Include="res\ClientsKnown.ico" />
    <Image Include="res\ClientsOnQueue.ico" />
    <Image Include="res\CloseTab.ico" />
    <Image Include="res\CloseTabSelected.ico" />
    <Image Include="res\Collapse.ico" />
    <Image Include="res\colour.ico" />
    <Image Include="res\ConnectDo.ico" />
    <Image Include="res\ConnectDrop.ico" />
    <Image Include="res\Connected.gif" />
    <Image Include="res\ConnectedHighHigh.gif" />
    <Image Include="res\ConnectedHighHigh.ico" />
    <Image Include="res\ConnectedHighLow.gif" />
    <Image Include="res\ConnectedHighLow.ico" />
    <Image Include="res\ConnectedHighNot.gif" />
    <Image Include="res\ConnectedHighNot.ico" />
    <Image Include="res\ConnectedLowHigh.gif" />
    <Image Include="res\ConnectedLowHigh.ico" />
    <Image Include="res\ConnectedLowLow.gif" />
    <Image Include="res\ConnectedLowLow.ico" />
    <Image Include="res\ConnectedLowNot.gif" />
    <Image Include="res\ConnectedLowNot.ico" />
    <Image Include="res\ConnectedNotHigh.gif" />
    <Image Include="res\ConnectedNotHigh.ico" />
    <Image Include="res\ConnectedNotLow.gif" />
    <Image Include="res\ConnectedNotLow.ico" />
    <Image Include="res\ConnectedNotNot.gif" />
    <Image Include="res\ConnectedNotNot.ico" />
    <Image Include="res\Connection.ico" />
    <Image Include="res\ConnectStop.ico" />
    <Image Include="res\Contact0.ico" />
    <Image Include="res\Contact1.ico" />
    <Image Include="res\Contact2.ico" />
    <Image Include="res\Contact3.ico" />
    <Image Include="res\Contact4.ico" />
    <Image Include="res\Convert.ico" />
    <Image Include="res\Copy.ico" />
    <Image Include="res\CopySelected.ico" />
    <Image Include="res\CopyVisible.ico" />
    <Image Include="res\Delete.ico" />
    <Image Include="res\DeleteAll.ico" />
    <Image Include="res\DeleteSelected.ico" />
    <Image Include="res\DirectDownload.ico" />
    <Image Include="res\Display.ico" />
    <Image Include="res\Download.gif" />
    <Image Include="res\Download.ico" />
    <Image Include="res\DownloadFiles.ico" />
    <Image Include="res\eD2kLink.ico" />
    <Image Include="res\eD2kLinkPaste.ico" />
    <Image Include="res\Email.ico" />
    <Image Include="res\Empty.ico" />
    <Image Include="res\emuleCollAdd.ico" />
    <Image Include="res\emuleCollectionFileType.ico" />
    <Image Include="res\emuleCollEdit.ico" />
    <Image Include="res\emuleCollSearch.ico" />
    <Image Include="res\emuleCollView.ico" />
    <Image Include="res\Exit.ico" />
    <Image Include="res\ExpandAll.ico" />
    <Image Include="res\ExpandAll2.ico" />
    <Image Include="res\ExportAll.ico" />
    <Image Include="res\FileComments.ico" />
    <Image Include="res\FileCommentsOvl.ico" />
    <Image Include="res\FileDonkey.ico" />
    <Image Include="res\FileImportParts.ico" />
    <Image Include="res\FileInfo.gif" />
    <Image Include="res\FileInfo.ico" />
    <Image Include="res\FileOpen.ico" />
    <Image Include="res\FilePriority.ico" />
    <Image Include="res\FileRating0.ico" />
    <Image Include="res\FileRating1.ico" />
    <Image Include="res\FileRating2.ico" />
    <Image Include="res\FileRating3.ico" />
    <Image Include="res\FileRating4.ico" />
    <Image Include="res\FileRating5.ico" />
    <Image Include="res\FileRename.ico" />
    <Image Include="res\FileSharedKad.ico" />
    <Image Include="res\FileSharedServer.ico" />
    <Image Include="res\FileTypeAny.ico" />
    <Image Include="res\FileTypeArchive.ico" />
    <Image Include="res\FileTypeAudio.ico" />
    <Image Include="res\FileTypeCDImage.ico" />
    <Image Include="res\FileTypeDocument.ico" />
    <Image Include="res\FileTypePicture.ico" />
    <Image Include="res\FileTypeProgram.ico" />
    <Image Include="res\FileTypeVideo.ico" />
    <Image Include="res\FolderOpen.ico" />
    <Image Include="res\Folders.ico" />
    <Image Include="res\Friend.ico" />
    <Image Include="res\Friends1.ico" />
    <Image Include="res\Friends2.ico" />
    <Image Include="res\Friends3.ico" />
    <Image Include="res\FriendSlot.ico" />
    <Image Include="res\Global.ico" />
    <Image Include="res\HardDisk.gif" />
    <Image Include="res\HardDisk.ico" />
    <Image Include="res\Help.ico" />
    <Image Include="res\Import.ico" />
    <Image Include="res\Incoming.gif" />
    <Image Include="res\Incoming.ico" />
    <Image Include="res\incomplete.ico" />
    <Image Include="res\Info.ico" />
    <Image Include="res\IPFilter.ico" />
    <Image Include="res\IRC.ico" />
    <Image Include="res\IRCClipboard.ico" />
    <Image Include="res\italic.ico" />
    <Image Include="res\Kad.ico" />
    <Image Include="res\KadBootstrap.ico" />
    <Image Include="res\KadContactList.ico" />
    <Image Include="res\KadCurrentSearches.ico" />
    <Image Include="res\KadFileSearch.ico" />
    <Image Include="res\KadNodeSearch.ico" />
    <Image Include="res\KadServer.ico" />
    <Image Include="res\KadStoreFile.ico" />
    <Image Include="res\KadStoreWord.ico" />
    <Image Include="res\KadWordSearch.ico" />
    <Image Include="res\ListAdd.ico" />
    <Image Include="res\ListRemove.ico" />
    <Image Include="res\ListViewSortDown.bmp" />
    <Image Include="res\ListViewSortDown2x.bmp" />
    <Image Include="res\ListViewSortUp.bmp" />
    <Image Include="res\ListViewSortUp2x.bmp" />
    <Image Include="res\Log.ico" />
    <Image Include="res\Logo.jpg" />
    <Image Include="res\MediaInfo.ico" />
    <Image Include="res\Message.ico" />
    <Image Include="res\MessagePending.ico" />
    <Image Include="res\Messages.ico" />
    <Image Include="res\MetaData.ico" />
    <Image Include="res\MiniMuleBack.gif" />
    <Image Include="res\Mod\AntiSpamPanel.ico" />
    <Image Include="res\Mod\Backup.ico" />
    <Image Include="res\Mod\BlacklistPanel.ico" />
    <Image Include="res\Mod\eMuleAI-All Resolutions.ico" />
    <Image Include="res\Mod\eMuleAI.ico" />
    <Image Include="res\Mod\EMULEAIHEAD.ico" />
    <Image Include="res\Mod\eMuleAITrayDisconnected.ico" />
    <Image Include="res\Mod\eMuleAI_256x256x32.ico" />
    <Image Include="res\Mod\eMuleAI_Banner.jpg" />
    <Image Include="res\Mod\eMuleAI_Emule.jpg" />
    <Image Include="res\Mod\eMuleAI_Emule_Transparent.png" />
    <Image Include="res\Mod\eMuleAI_MenuBack.jpg" />
    <Image Include="res\Mod\eMuleAI_Splash.jpg" />
    <Image Include="res\Mod\Clear.ico" />
    <Image Include="res\Mod\Clipboard.ico" />
    <Image Include="res\Mod\Clock.ico" />
    <Image Include="res\Mod\ClockBlue.ico" />
    <Image Include="res\Mod\ClockGreen.ico" />
    <Image Include="res\Mod\ClockRed.ico" />
    <Image Include="res\Mod\Connection2.ico" />
    <Image Include="res\Mod\Credit.ico" />
    <Image Include="res\Mod\Darkmode.ico" />
    <Image Include="res\Mod\Dark_Bold.ico" />
    <Image Include="res\Mod\Dark_Colour.ico" />
    <Image Include="res\Mod\Dark_Italic.ico" />
    <Image Include="res\Mod\Dark_ResetFormat.ico" />
    <Image Include="res\Mod\Dark_Underline.ico" />
    <Image Include="res\Mod\Database.ico" />
    <Image Include="res\Mod\DeleteForget.ico" />
    <Image Include="res\Mod\Duplicate.ico" />
    <Image Include="res\Mod\Emulator.ico" />
    <Image Include="res\Mod\EServer.ico" />
    <Image Include="res\Mod\File.ico" />
    <Image Include="res\Mod\FileHistory.ico" />
    <Image Include="res\Mod\FileTypeOther.ico" />
    <Image Include="res\Mod\File_Fake.ico" />
    <Image Include="res\Mod\File_OK.ico" />
    <Image Include="res\Mod\File_Suspicious.ico" />
    <Image Include="res\Mod\Flags\a1.ico" />
    <Image Include="res\Mod\Flags\a2.ico" />
    <Image Include="res\Mod\Flags\ad.ico" />
    <Image Include="res\Mod\Flags\ae.ico" />
    <Image Include="res\Mod\Flags\af.ico" />
    <Image Include="res\Mod\Flags\ag.ico" />
    <Image Include="res\Mod\Flags\ai.ico" />
    <Image Include="res\Mod\Flags\al.ico" />
    <Image Include="res\Mod\Flags\am.ico" />
    <Image Include="res\Mod\Flags\ao.ico" />
    <Image Include="res\Mod\Flags\aq.ico" />
    <Image Include="res\Mod\Flags\ar.ico" />
    <Image Include="res\Mod\Flags\as.ico" />
    <Image Include="res\Mod\Flags\at.ico" />
    <Image Include="res\Mod\Flags\au.ico" />
    <Image Include="res\Mod\Flags\aw.ico" />
    <Image Include="res\Mod\Flags\ax.ico" />
    <Image Include="res\Mod\Flags\az.ico" />
    <Image Include="res\Mod\Flags\ba.ico" />
    <Image Include="res\Mod\Flags\bb.ico" />
    <Image Include="res\Mod\Flags\bd.ico" />
    <Image Include="res\Mod\Flags\be.ico" />
    <Image Include="res\Mod\Flags\bf.ico" />
    <Image Include="res\Mod\Flags\bg.ico" />
    <Image Include="res\Mod\Flags\bh.ico" />
    <Image Include="res\Mod\Flags\bi.ico" />
    <Image Include="res\Mod\Flags\bj.ico" />
    <Image Include="res\Mod\Flags\bl.ico" />
    <Image Include="res\Mod\Flags\bm.ico" />
    <Image Include="res\Mod\Flags\bn.ico" />
    <Image Include="res\Mod\Flags\bo.ico" />
    <Image Include="res\Mod\Flags\bq.ico" />
    <Image Include="res\Mod\Flags\br.ico" />
    <Image Include="res\Mod\Flags\bs.ico" />
    <Image Include="res\Mod\Flags\bt.ico" />
    <Image Include="res\Mod\Flags\bv.ico" />
    <Image Include="res\Mod\Flags\bw.ico" />
    <Image Include="res\Mod\Flags\by.ico" />
    <Image Include="res\Mod\Flags\bz.ico" />
    <Image Include="res\Mod\Flags\ca.ico" />
    <Image Include="res\Mod\Flags\cc.ico" />
    <Image Include="res\Mod\Flags\cd.ico" />
    <Image Include="res\Mod\Flags\cf.ico" />
    <Image Include="res\Mod\Flags\cg.ico" />
    <Image Include="res\Mod\Flags\ch.ico" />
    <Image Include="res\Mod\Flags\ci.ico" />
    <Image Include="res\Mod\Flags\ck.ico" />
    <Image Include="res\Mod\Flags\cl.ico" />
    <Image Include="res\Mod\Flags\cm.ico" />
    <Image Include="res\Mod\Flags\cn.ico" />
    <Image Include="res\Mod\Flags\co.ico" />
    <Image Include="res\Mod\Flags\cr.ico" />
    <Image Include="res\Mod\Flags\cu.ico" />
    <Image Include="res\Mod\Flags\cv.ico" />
    <Image Include="res\Mod\Flags\cw.ico" />
    <Image Include="res\Mod\Flags\cx.ico" />
    <Image Include="res\Mod\Flags\cy.ico" />
    <Image Include="res\Mod\Flags\cz.ico" />
    <Image Include="res\Mod\Flags\de.ico" />
    <Image Include="res\Mod\Flags\dj.ico" />
    <Image Include="res\Mod\Flags\dk.ico" />
    <Image Include="res\Mod\Flags\dm.ico" />
    <Image Include="res\Mod\Flags\do.ico" />
    <Image Include="res\Mod\Flags\dz.ico" />
    <Image Include="res\Mod\Flags\ec.ico" />
    <Image Include="res\Mod\Flags\ee.ico" />
    <Image Include="res\Mod\Flags\eg.ico" />
    <Image Include="res\Mod\Flags\eh.ico" />
    <Image Include="res\Mod\Flags\er.ico" />
    <Image Include="res\Mod\Flags\es.ico" />
    <Image Include="res\Mod\Flags\et.ico" />
    <Image Include="res\Mod\Flags\eu.ico" />
    <Image Include="res\Mod\Flags\fi.ico" />
    <Image Include="res\Mod\Flags\fj.ico" />
    <Image Include="res\Mod\Flags\fk.ico" />
    <Image Include="res\Mod\Flags\fm.ico" />
    <Image Include="res\Mod\Flags\fo.ico" />
    <Image Include="res\Mod\Flags\fr.ico" />
    <Image Include="res\Mod\Flags\ga.ico" />
    <Image Include="res\Mod\Flags\gb.ico" />
    <Image Include="res\Mod\Flags\gd.ico" />
    <Image Include="res\Mod\Flags\ge.ico" />
    <Image Include="res\Mod\Flags\gf.ico" />
    <Image Include="res\Mod\Flags\gg.ico" />
    <Image Include="res\Mod\Flags\gh.ico" />
    <Image Include="res\Mod\Flags\gi.ico" />
    <Image Include="res\Mod\Flags\gl.ico" />
    <Image Include="res\Mod\Flags\gm.ico" />
    <Image Include="res\Mod\Flags\gn.ico" />
    <Image Include="res\Mod\Flags\gp.ico" />
    <Image Include="res\Mod\Flags\gq.ico" />
    <Image Include="res\Mod\Flags\gr.ico" />
    <Image Include="res\Mod\Flags\gs.ico" />
    <Image Include="res\Mod\Flags\gt.ico" />
    <Image Include="res\Mod\Flags\gu.ico" />
    <Image Include="res\Mod\Flags\gw.ico" />
    <Image Include="res\Mod\Flags\gy.ico" />
    <Image Include="res\Mod\Flags\hk.ico" />
    <Image Include="res\Mod\Flags\hm.ico" />
    <Image Include="res\Mod\Flags\hn.ico" />
    <Image Include="res\Mod\Flags\hr.ico" />
    <Image Include="res\Mod\Flags\ht.ico" />
    <Image Include="res\Mod\Flags\hu.ico" />
    <Image Include="res\Mod\Flags\id.ico" />
    <Image Include="res\Mod\Flags\ie.ico" />
    <Image Include="res\Mod\Flags\il.ico" />
    <Image Include="res\Mod\Flags\im.ico" />
    <Image Include="res\Mod\Flags\in.ico" />
    <Image Include="res\Mod\Flags\io.ico" />
    <Image Include="res\Mod\Flags\iq.ico" />
    <Image Include="res\Mod\Flags\ir.ico" />
    <Image Include="res\Mod\Flags\is.ico" />
    <Image Include="res\Mod\Flags\it.ico" />
    <Image Include="res\Mod\Flags\je.ico" />
    <Image Include="res\Mod\Flags\jm.ico" />
    <Image Include="res\Mod\Flags\jo.ico" />
    <Image Include="res\Mod\Flags\jp.ico" />
    <Image Include="res\Mod\Flags\ke.ico" />
    <Image Include="res\Mod\Flags\kg.ico" />
    <Image Include="res\Mod\Flags\kh.ico" />
    <Image Include="res\Mod\Flags\ki.ico" />
    <Image Include="res\Mod\Flags\km.ico" />
    <Image Include="res\Mod\Flags\kn.ico" />
    <Image Include="res\Mod\Flags\kp.ico" />
    <Image Include="res\Mod\Flags\kr.ico" />
    <Image Include="res\Mod\Flags\kw.ico" />
    <Image Include="res\Mod\Flags\ky.ico" />
    <Image Include="res\Mod\Flags\kz.ico" />
    <Image Include="res\Mod\Flags\la.ico" />
    <Image Include="res\Mod\Flags\lb.ico" />
    <Image Include="res\Mod\Flags\lc.ico" />
    <Image Include="res\Mod\Flags\li.ico" />
    <Image Include="res\Mod\Flags\lk.ico" />
    <Image Include="res\Mod\Flags\lr.ico" />
    <Image Include="res\Mod\Flags\ls.ico" />
    <Image Include="res\Mod\Flags\lt.ico" />
    <Image Include="res\Mod\Flags\lu.ico" />
    <Image Include="res\Mod\Flags\lv.ico" />
    <Image Include="res\Mod\Flags\ly.ico" />
    <Image Include="res\Mod\Flags\ma.ico" />
    <Image Include="res\Mod\Flags\mc.ico" />
    <Image Include="res\Mod\Flags\md.ico" />
    <Image Include="res\Mod\Flags\me.ico" />
    <Image Include="res\Mod\Flags\mf.ico" />
    <Image Include="res\Mod\Flags\mg.ico" />
    <Image Include="res\Mod\Flags\mh.ico" />
    <Image Include="res\Mod\Flags\mk.ico" />
    <Image Include="res\Mod\Flags\ml.ico" />
    <Image Include="res\Mod\Flags\mm.ico" />
    <Image Include="res\Mod\Flags\mn.ico" />
    <Image Include="res\Mod\Flags\mo.ico" />
    <Image Include="res\Mod\Flags\mp.ico" />
    <Image Include="res\Mod\Flags\mq.ico" />
    <Image Include="res\Mod\Flags\mr.ico" />
    <Image Include="res\Mod\Flags\ms.ico" />
    <Image Include="res\Mod\Flags\mt.ico" />
    <Image Include="res\Mod\Flags\mu.ico" />
    <Image Include="res\Mod\Flags\mv.ico" />
    <Image Include="res\Mod\Flags\mw.ico" />
    <Image Include="res\Mod\Flags\mx.ico" />
    <Image Include="res\Mod\Flags\my.ico" />
    <Image Include="res\Mod\Flags\mz.ico" />
    <Image Include="res\Mod\Flags\na.ico" />
    <Image Include="res\Mod\Flags\nc.ico" />
    <Image Include="res\Mod\Flags\ne.ico" />
    <Image Include="res\Mod\Flags\nf.ico" />
    <Image Include="res\Mod\Flags\ng.ico" />
    <Image Include="res\Mod\Flags\ni.ico" />
    <Image Include="res\Mod\Flags\nl.ico" />
    <Image Include="res\Mod\Flags\no.ico" />
    <Image Include="res\Mod\Flags\not.ico" />
    <Image Include="res\Mod\Flags\np.ico" />
    <Image Include="res\Mod\Flags\nr.ico" />
    <Image Include="res\Mod\Flags\nu.ico" />
    <Image Include="res\Mod\Flags\nz.ico" />
    <Image Include="res\Mod\Flags\om.ico" />
    <Image Include="res\Mod\Flags\pa.ico" />
    <Image Include="res\Mod\Flags\pe.ico" />
    <Image Include="res\Mod\Flags\pf.ico" />
    <Image Include="res\Mod\Flags\pg.ico" />
    <Image Include="res\Mod\Flags\ph.ico" />
    <Image Include="res\Mod\Flags\pk.ico" />
    <Image Include="res\Mod\Flags\pl.ico" />
    <Image Include="res\Mod\Flags\pm.ico" />
    <Image Include="res\Mod\Flags\pn.ico" />
    <Image Include="res\Mod\Flags\pr.ico" />
    <Image Include="res\Mod\Flags\ps.ico" />
    <Image Include="res\Mod\Flags\pt.ico" />
    <Image Include="res\Mod\Flags\pw.ico" />
    <Image Include="res\Mod\Flags\py.ico" />
    <Image Include="res\Mod\Flags\qa.ico" />
    <Image Include="res\Mod\Flags\re.ico" />
    <Image Include="res\Mod\Flags\ro.ico" />
    <Image Include="res\Mod\Flags\rs.ico" />
    <Image Include="res\Mod\Flags\ru.ico" />
    <Image Include="res\Mod\Flags\rw.ico" />
    <Image Include="res\Mod\Flags\sa.ico" />
    <Image Include="res\Mod\Flags\sb.ico" />
    <Image Include="res\Mod\Flags\sc.ico" />
    <Image Include="res\Mod\Flags\sd.ico" />
    <Image Include="res\Mod\Flags\se.ico" />
    <Image Include="res\Mod\Flags\sg.ico" />
    <Image Include="res\Mod\Flags\sh.ico" />
    <Image Include="res\Mod\Flags\si.ico" />
    <Image Include="res\Mod\Flags\sj.ico" />
    <Image Include="res\Mod\Flags\sk.ico" />
    <Image Include="res\Mod\Flags\sl.ico" />
    <Image Include="res\Mod\Flags\sm.ico" />
    <Image Include="res\Mod\Flags\sn.ico" />
    <Image Include="res\Mod\Flags\so.ico" />
    <Image Include="res\Mod\Flags\sr.ico" />
    <Image Include="res\Mod\Flags\ss.ico" />
    <Image Include="res\Mod\Flags\st.ico" />
    <Image Include="res\Mod\Flags\sv.ico" />
    <Image Include="res\Mod\Flags\sx.ico" />
    <Image Include="res\Mod\Flags\sy.ico" />
    <Image Include="res\Mod\Flags\sz.ico" />
    <Image Include="res\Mod\Flags\tc.ico" />
    <Image Include="res\Mod\Flags\td.ico" />
    <Image Include="res\Mod\Flags\tf.ico" />
    <Image Include="res\Mod\Flags\tg.ico" />
    <Image Include="res\Mod\Flags\th.ico" />
    <Image Include="res\Mod\Flags\tj.ico" />
    <Image Include="res\Mod\Flags\tk.ico" />
    <Image Include="res\Mod\Flags\tl.ico" />
    <Image Include="res\Mod\Flags\tm.ico" />
    <Image Include="res\Mod\Flags\tn.ico" />
    <Image Include="res\Mod\Flags\to.ico" />
    <Image Include="res\Mod\Flags\tr.ico" />
    <Image Include="res\Mod\Flags\tt.ico" />
    <Image Include="res\Mod\Flags\tv.ico" />
    <Image Include="res\Mod\Flags\tw.ico" />
    <Image Include="res\Mod\Flags\tz.ico" />
    <Image Include="res\Mod\Flags\ua.ico" />
    <Image Include="res\Mod\Flags\ug.ico" />
    <Image Include="res\Mod\Flags\um.ico" />
    <Image Include="res\Mod\Flags\us.ico" />
    <Image Include="res\Mod\Flags\uy.ico" />
    <Image Include="res\Mod\Flags\uz.ico" />
    <Image Include="res\Mod\Flags\va.ico" />
    <Image Include="res\Mod\Flags\vc.ico" />
    <Image Include="res\Mod\Flags\ve.ico" />
    <Image Include="res\Mod\Flags\vg.ico" />
    <Image Include="res\Mod\Flags\vi.ico" />
    <Image Include="res\Mod\Flags\vn.ico" />
    <Image Include="res\Mod\Flags\vu.ico" />
    <Image Include="res\Mod\Flags\wf.ico" />
    <Image Include="res\Mod\Flags\ws.ico" />
    <Image Include="res\Mod\Flags\xk.ico" />
    <Image Include="res\Mod\Flags\ye.ico" />
    <Image Include="res\Mod\Flags\yt.ico" />
    <Image Include="res\Mod\Flags\za.ico" />
    <Image Include="res\Mod\Flags\zm.ico" />
    <Image Include="res\Mod\Flags\zw.ico" />
    <Image Include="res\Mod\Flags\_TEMPLATE.ico" />
    <Image Include="res\Mod\Inspect.ico" />
    <Image Include="res\Mod\Leecher.ico" />
    <Image Include="res\Mod\Location.ico" />
    <Image Include="res\Mod\Logo.jpg" />
    <Image Include="res\Mod\MainToolBarBk.bmp" />
    <Image Include="res\Mod\MergeFrom.ico" />
    <Image Include="res\Mod\MergeTo.ico" />
    <Image Include="res\mod\mule_wiz_hdr_transparent.gif" />
    <Image Include="res\mod\mule_wiz_transparent.gif" />
    <Image Include="res\Mod\ProtectionPanel.ico" />
    <Image Include="res\Mod\LeecherPunishment.ico" />
    <Image Include="res\Mod\PreferencesBlue.ico" />
    <Image Include="res\Mod\PreferencesPink.ico" />
    <Image Include="res\Mod\PreferencesRed.ico" />
    <Image Include="res\Mod\Punishment.ico" />
    <Image Include="res\Mod\Reload.ico" />
    <Image Include="res\Mod\ReloadConf.ico" />
    <Image Include="res\Mod\Save.ico" />
    <Image Include="res\Mod\Sort.ico" />
    <Image Include="res\Mod\Spam_Blue.ico" />
    <Image Include="res\Mod\Spam_Dark_Green.ico" />
    <Image Include="res\Mod\Spam_Green.ico" />
    <Image Include="res\Mod\Spam_Orange.ico" />
    <Image Include="res\Mod\Spam_Pink.ico" />
    <Image Include="res\Mod\Spam_Purple.ico" />
    <Image Include="res\Mod\Spam_Yellow.ico" />
    <Image Include="res\Mod\Stop2.ico" />
    <Image Include="res\Mod\Trash.ico" />
    <Image Include="res\Mod\UI.ico" />
    <Image Include="res\Mule.ico" />
    <Image Include="res\Mule_Vista.ico" />
    <Image Include="res\mule_wiz.gif" />
    <Image Include="res\mule_wiz_hdr.gif" />
    <Image Include="res\NavigateBack.ico" />
    <Image Include="res\NavigateForward.ico" />
    <Image Include="res\NoAccessFolderOvl.ico" />
    <Image Include="res\Notifications.ico" />
    <Image Include="res\Pause.ico" />
    <Image Include="res\Preferences.gif" />
    <Image Include="res\Preferences.ico" />
    <Image Include="res\Preview.ico" />
    <Image Include="res\Priority.ico" />
    <Image Include="res\Proxy.ico" />
    <Image Include="res\Records.ico" />
    <Image Include="res\Rename.ico" />
    <Image Include="res\resetformat.ico" />
    <Image Include="res\Restore.ico" />
    <Image Include="res\RestoreWindow.gif" />
    <Image Include="res\RestoreWindow.ico" />
    <Image Include="res\Scheduler.ico" />
    <Image Include="res\Search.ico" />
    <Image Include="res\SearchEdit.ico" />
    <Image Include="res\SearchGlobalActive.ico" />
    <Image Include="res\SearchKad.ico" />
    <Image Include="res\SearchKadActive.ico" />
    <Image Include="res\SearchParams.ico" />
    <Image Include="res\SearchResults.ico" />
    <Image Include="res\SearchServerActive.ico" />
    <Image Include="res\Security.ico" />
    <Image Include="res\Server.ico" />
    <Image Include="res\ServerAdd.ico" />
    <Image Include="res\ServerInfo.ico" />
    <Image Include="res\ServerList.ico" />
    <Image Include="res\ServerSearch.ico" />
    <Image Include="res\ServersUpdate.ico" />
    <Image Include="res\SharedFiles.ico" />
    <Image Include="res\SharedFilesList.ico" />
    <Image Include="res\SharedFolderOvl.ico" />
    <Image Include="res\Smiley_Cry.ico" />
    <Image Include="res\Smiley_Disgust.ico" />
    <Image Include="res\Smiley_Happy.ico" />
    <Image Include="res\Smiley_Interest.ico" />
    <Image Include="res\Smiley_Laugh.ico" />
    <Image Include="res\Smiley_lookside.ico" />
    <Image Include="res\Smiley_Love.ico" />
    <Image Include="res\Smiley_omg.ico" />
    <Image Include="res\Smiley_Ph34r.ico" />
    <Image Include="res\Smiley_Sad.ico" />
    <Image Include="res\Smiley_sadq.ico" />
    <Image Include="res\Smiley_Sealed.ico" />
    <Image Include="res\Smiley_Skeptic.ico" />
    <Image Include="res\Smiley_Smile.ico" />
    <Image Include="res\Smiley_smileq.ico" />
    <Image Include="res\Smiley_Tongue.ico" />
    <Image Include="res\Smiley_Wink.ico" />
    <Image Include="res\Spam.ico" />
    <Image Include="res\Speed.ico" />
    <Image Include="res\SpeedMax.ico" />
    <Image Include="res\SpeedMin.ico" />
    <Image Include="res\SplitWindow.ico" />
    <Image Include="res\Start.ico" />
    <Image Include="res\Statistics.ico" />
    <Image Include="res\StatisticsDetail.ico" />
    <Image Include="res\StatsCumulative.ico" />
    <Image Include="res\StatsDay.ico" />
    <Image Include="res\StatsGeneric.ico" />
    <Image Include="res\StatsMonth.ico" />
    <Image Include="res\StatsProjected.ico" />
    <Image Include="res\StatsTime.ico" />
    <Image Include="res\StatsYear.ico" />
    <Image Include="res\Stop.ico" />
    <Image Include="res\TaskbarNotifier.gif" />
    <Image Include="res\Tools.ico" />
    <Image Include="res\Transfer.ico" />
    <Image Include="res\TransferUpDown.ico" />
    <Image Include="res\TrayBtnBlue.bmp" />
    <Image Include="res\TrayBtnHomestead.bmp" />
    <Image Include="res\TrayBtnMetallic.bmp" />
    <Image Include="res\TrayConnected.ico" />
    <Image Include="res\TrayDisconnected.ico" />
    <Image Include="res\TrayLowID.ico" />
    <Image Include="res\Tweak.ico" />
    <Image Include="res\underline.ico" />
    <Image Include="res\Up0down0.ico" />
    <Image Include="res\Up0down1.ico" />
    <Image Include="res\Up1down0.ico" />
    <Image Include="res\Up1down1.ico" />
    <Image Include="res\Upload.gif" />
    <Image Include="res\Upload.ico" />
    <Image Include="res\User.ico" />
    <Image Include="res\UserAdd.ico" />
    <Image Include="res\UserDelete.ico" />
    <Image Include="res\UserDetails.ico" />
    <Image Include="res\UserFiles.ico" />
    <Image Include="res\UserMessage.ico" />
    <Image Include="res\Web.ico" />
    <Image Include="res\Wizard.ico" />
  </ItemGroup>
  <ItemGroup>
    <None Include="..\.gitignore" />
    <None Include="res\emule.rc2" />
    <None Include="res\InetDownload.avi" />
    <None Include="res\MiniMule.htm" />
    <None Include="res\WideCharLowerMap.bin" />
  </ItemGroup>
  <ItemGroup>
    <Text Include="..\_1.Notlar.txt" />
  </ItemGroup>
</Project>
